// !$*UTF8*$!
{
	archiveVersion = 1;
	classes = {
	};
	objectVersion = 50;
	objects = {

/* Begin PBXBuildFile section */
		3100FB55232B760800E503D6 /* GratitudeViewController.swift in Sources */ = {isa = PBXBuildFile; fileRef = 3100FB54232B760800E503D6 /* GratitudeViewController.swift */; };
		3100FB57232B761500E503D6 /* GratitudePresenter.swift in Sources */ = {isa = PBXBuildFile; fileRef = 3100FB56232B761400E503D6 /* GratitudePresenter.swift */; };
		3100FB59232B762100E503D6 /* GratitudeInteractor.swift in Sources */ = {isa = PBXBuildFile; fileRef = 3100FB58232B762100E503D6 /* GratitudeInteractor.swift */; };
		3100FB5B232B762E00E503D6 /* GratitudeCoordinator.swift in Sources */ = {isa = PBXBuildFile; fileRef = 3100FB5A232B762E00E503D6 /* GratitudeCoordinator.swift */; };
		3100FB5E232B7E9300E503D6 /* OrderBackendService.swift in Sources */ = {isa = PBXBuildFile; fileRef = 3100FB5D232B7E9300E503D6 /* OrderBackendService.swift */; };
		3100FB60232B7EF500E503D6 /* CartBackendService.swift in Sources */ = {isa = PBXBuildFile; fileRef = 3100FB5F232B7EF500E503D6 /* CartBackendService.swift */; };
		3100FB62232B7FB900E503D6 /* CartBackendServiceDefault.swift in Sources */ = {isa = PBXBuildFile; fileRef = 3100FB61232B7FB900E503D6 /* CartBackendServiceDefault.swift */; };
		3100FB64232B81FC00E503D6 /* Array+Values.swift in Sources */ = {isa = PBXBuildFile; fileRef = 3100FB63232B81FC00E503D6 /* Array+Values.swift */; };
		3100FB66232B8B1A00E503D6 /* JSONSerializer.swift in Sources */ = {isa = PBXBuildFile; fileRef = 3100FB65232B8B1A00E503D6 /* JSONSerializer.swift */; };
		3100FB6A232B91C700E503D6 /* PizzaTests.swift in Sources */ = {isa = PBXBuildFile; fileRef = 3100FB69232B91C700E503D6 /* PizzaTests.swift */; };
		3100FB6D232B924F00E503D6 /* Mocks.swift in Sources */ = {isa = PBXBuildFile; fileRef = 3100FB6C232B924F00E503D6 /* Mocks.swift */; };
		3100FB6F232B946D00E503D6 /* BackendPizzaObjectTest.swift in Sources */ = {isa = PBXBuildFile; fileRef = 3100FB6E232B946D00E503D6 /* BackendPizzaObjectTest.swift */; };
		3100FB71232B954400E503D6 /* PizzaJSONTests.swift in Sources */ = {isa = PBXBuildFile; fileRef = 3100FB70232B954400E503D6 /* PizzaJSONTests.swift */; };
		3100FB79232B984D00E503D6 /* wrong_pizza.json in Resources */ = {isa = PBXBuildFile; fileRef = 3100FB77232B984D00E503D6 /* wrong_pizza.json */; };
		3100FB7A232B984D00E503D6 /* correct_pizza.json in Resources */ = {isa = PBXBuildFile; fileRef = 3100FB78232B984D00E503D6 /* correct_pizza.json */; };
		3100FB7C232B98F400E503D6 /* NennosPizzaTests.swift in Sources */ = {isa = PBXBuildFile; fileRef = 3100FB7B232B98F400E503D6 /* NennosPizzaTests.swift */; };
		31034FAF23277A8C001828BE /* TableViewDataAdapter.swift in Sources */ = {isa = PBXBuildFile; fileRef = 31034FAE23277A8C001828BE /* TableViewDataAdapter.swift */; };
		31034FB223277AEC001828BE /* CellViewModel.swift in Sources */ = {isa = PBXBuildFile; fileRef = 31034FB123277AEC001828BE /* CellViewModel.swift */; };
		31034FB523277B17001828BE /* Accessible.swift in Sources */ = {isa = PBXBuildFile; fileRef = 31034FB423277B17001828BE /* Accessible.swift */; };
		31034FB823277B58001828BE /* AccessibilityDisplayFunction.swift in Sources */ = {isa = PBXBuildFile; fileRef = 31034FB723277B58001828BE /* AccessibilityDisplayFunction.swift */; };
		31034FBA23277E14001828BE /* Reusable.swift in Sources */ = {isa = PBXBuildFile; fileRef = 31034FB923277E14001828BE /* Reusable.swift */; };
		31034FBD23277E8F001828BE /* UITableView+ViewModels.swift in Sources */ = {isa = PBXBuildFile; fileRef = 31034FBC23277E8F001828BE /* UITableView+ViewModels.swift */; };
		31034FC023277F00001828BE /* XibInitializable.swift in Sources */ = {isa = PBXBuildFile; fileRef = 31034FBF23277F00001828BE /* XibInitializable.swift */; };
		31034FC223277F80001828BE /* UIView+AttachmentToParent.swift in Sources */ = {isa = PBXBuildFile; fileRef = 31034FC123277F80001828BE /* UIView+AttachmentToParent.swift */; };
		31034FE62327A44D001828BE /* Purchasable.swift in Sources */ = {isa = PBXBuildFile; fileRef = 31034FE52327A44D001828BE /* Purchasable.swift */; };
		31034FE82327A48A001828BE /* Beverage.swift in Sources */ = {isa = PBXBuildFile; fileRef = 31034FE72327A48A001828BE /* Beverage.swift */; };
		31034FEA2327A4B5001828BE /* Pizza.swift in Sources */ = {isa = PBXBuildFile; fileRef = 31034FE92327A4B5001828BE /* Pizza.swift */; };
		31034FEC2327A4C9001828BE /* Ingredient.swift in Sources */ = {isa = PBXBuildFile; fileRef = 31034FEB2327A4C9001828BE /* Ingredient.swift */; };
		31034FEF2327B66E001828BE /* Decoder.swift in Sources */ = {isa = PBXBuildFile; fileRef = 31034FEE2327B66E001828BE /* Decoder.swift */; };
		31034FF12327B6C7001828BE /* DictionaryDecoder.swift in Sources */ = {isa = PBXBuildFile; fileRef = 31034FF02327B6C7001828BE /* DictionaryDecoder.swift */; };
		31034FF42327B76C001828BE /* HtttpClient.swift in Sources */ = {isa = PBXBuildFile; fileRef = 31034FF32327B76C001828BE /* HtttpClient.swift */; };
		31034FF72327B7C2001828BE /* Types.swift in Sources */ = {isa = PBXBuildFile; fileRef = 31034FF62327B7C1001828BE /* Types.swift */; };
		31034FF92327B81E001828BE /* AlamofireHttpClient.swift in Sources */ = {isa = PBXBuildFile; fileRef = 31034FF82327B81E001828BE /* AlamofireHttpClient.swift */; };
		31034FFB2327B9C1001828BE /* HttpError.swift in Sources */ = {isa = PBXBuildFile; fileRef = 31034FFA2327B9C1001828BE /* HttpError.swift */; };
		31034FFD2327BAD4001828BE /* BackendError.swift in Sources */ = {isa = PBXBuildFile; fileRef = 31034FFC2327BAD4001828BE /* BackendError.swift */; };
		310350042327BF1E001828BE /* BackendService.swift in Sources */ = {isa = PBXBuildFile; fileRef = 310350032327BF1E001828BE /* BackendService.swift */; };
		310350062327BF4D001828BE /* ProductsBackendService.swift in Sources */ = {isa = PBXBuildFile; fileRef = 310350052327BF4D001828BE /* ProductsBackendService.swift */; };
		310350082327C055001828BE /* BackendPizzaObject.swift in Sources */ = {isa = PBXBuildFile; fileRef = 310350072327C055001828BE /* BackendPizzaObject.swift */; };
		3103500A2327C098001828BE /* BackendPizzasObject.swift in Sources */ = {isa = PBXBuildFile; fileRef = 310350092327C098001828BE /* BackendPizzasObject.swift */; };
		3103500C2327C1C7001828BE /* FoodBackendService.swift in Sources */ = {isa = PBXBuildFile; fileRef = 3103500B2327C1C7001828BE /* FoodBackendService.swift */; };
		3103500E2327C256001828BE /* FoodBackendServiceDefault.swift in Sources */ = {isa = PBXBuildFile; fileRef = 3103500D2327C256001828BE /* FoodBackendServiceDefault.swift */; };
		310350102327C2FE001828BE /* BackendRequestPath.swift in Sources */ = {isa = PBXBuildFile; fileRef = 3103500F2327C2FD001828BE /* BackendRequestPath.swift */; };
		310350192327CB4A001828BE /* PizzasCoordinator.swift in Sources */ = {isa = PBXBuildFile; fileRef = 310350182327CB4A001828BE /* PizzasCoordinator.swift */; };
		3103501E2327CE72001828BE /* BaseCoordinator.swift in Sources */ = {isa = PBXBuildFile; fileRef = 3103501D2327CE72001828BE /* BaseCoordinator.swift */; };
		310350212327CECD001828BE /* BaseViewController.swift in Sources */ = {isa = PBXBuildFile; fileRef = 310350202327CECD001828BE /* BaseViewController.swift */; };
		310350242327D153001828BE /* Interactor.swift in Sources */ = {isa = PBXBuildFile; fileRef = 310350232327D153001828BE /* Interactor.swift */; };
		310350272327D1A7001828BE /* Presenter.swift in Sources */ = {isa = PBXBuildFile; fileRef = 310350262327D1A7001828BE /* Presenter.swift */; };
		310350292327D20E001828BE /* BasePresenter.swift in Sources */ = {isa = PBXBuildFile; fileRef = 310350282327D20E001828BE /* BasePresenter.swift */; };
		3103502B2327D237001828BE /* BaseInteractor.swift in Sources */ = {isa = PBXBuildFile; fileRef = 3103502A2327D237001828BE /* BaseInteractor.swift */; };
		310350312327D479001828BE /* Router+PurchaseBanner.swift in Sources */ = {isa = PBXBuildFile; fileRef = 310350302327D479001828BE /* Router+PurchaseBanner.swift */; };
		310350332327D4F0001828BE /* Router+LoaderView.swift in Sources */ = {isa = PBXBuildFile; fileRef = 310350322327D4F0001828BE /* Router+LoaderView.swift */; };
		310350352327DB3C001828BE /* MainStoryboard.swift in Sources */ = {isa = PBXBuildFile; fileRef = 310350342327DB3C001828BE /* MainStoryboard.swift */; };
		310350372327DCCF001828BE /* PizzasInteractor.swift in Sources */ = {isa = PBXBuildFile; fileRef = 310350362327DCCF001828BE /* PizzasInteractor.swift */; };
		310350392327DCF0001828BE /* PizzasPresenter.swift in Sources */ = {isa = PBXBuildFile; fileRef = 310350382327DCF0001828BE /* PizzasPresenter.swift */; };
		3103503B2327E038001828BE /* Section.swift in Sources */ = {isa = PBXBuildFile; fileRef = 3103503A2327E038001828BE /* Section.swift */; };
		3103503E2327E086001828BE /* SupplementaryViewModel.swift in Sources */ = {isa = PBXBuildFile; fileRef = 3103503D2327E086001828BE /* SupplementaryViewModel.swift */; };
		310350412327E542001828BE /* PizzaBasicCellViewModel.swift in Sources */ = {isa = PBXBuildFile; fileRef = 310350402327E542001828BE /* PizzaBasicCellViewModel.swift */; };
		310350462327E7E5001828BE /* Router.swift in Sources */ = {isa = PBXBuildFile; fileRef = 310350452327E7E4001828BE /* Router.swift */; };
		310350492327E951001828BE /* PizzaBasicTableViewCell.swift in Sources */ = {isa = PBXBuildFile; fileRef = 310350482327E951001828BE /* PizzaBasicTableViewCell.swift */; };
		3122092E2328D344001471F9 /* ImageDownloader.swift in Sources */ = {isa = PBXBuildFile; fileRef = 3122092D2328D344001471F9 /* ImageDownloader.swift */; };
		3122093123290F8A001471F9 /* PizzaLoadingView.swift in Sources */ = {isa = PBXBuildFile; fileRef = 3122093023290F8A001471F9 /* PizzaLoadingView.swift */; };
		31220935232914B4001471F9 /* BaseNavigationBarView.swift in Sources */ = {isa = PBXBuildFile; fileRef = 31220934232914B4001471F9 /* BaseNavigationBarView.swift */; };
		3122093823291915001471F9 /* AppCoordinator.swift in Sources */ = {isa = PBXBuildFile; fileRef = 3122093723291915001471F9 /* AppCoordinator.swift */; };
		3122093A23292264001471F9 /* UINavigationController+Fade.swift in Sources */ = {isa = PBXBuildFile; fileRef = 3122093923292264001471F9 /* UINavigationController+Fade.swift */; };
		3122093F23293F4D001471F9 /* StorageService.swift in Sources */ = {isa = PBXBuildFile; fileRef = 3122093E23293F4D001471F9 /* StorageService.swift */; };
		3122094623294509001471F9 /* CartStorageService.swift in Sources */ = {isa = PBXBuildFile; fileRef = 3122094523294508001471F9 /* CartStorageService.swift */; };
		3122094823294762001471F9 /* CachingStorageService.swift in Sources */ = {isa = PBXBuildFile; fileRef = 3122094723294762001471F9 /* CachingStorageService.swift */; };
		3122094A232947EC001471F9 /* StorageServiceDefault.swift in Sources */ = {isa = PBXBuildFile; fileRef = 31220949232947EC001471F9 /* StorageServiceDefault.swift */; };
		3122094D23294A00001471F9 /* AppManager.swift in Sources */ = {isa = PBXBuildFile; fileRef = 3122094C23294A00001471F9 /* AppManager.swift */; };
		312AF51823267A4500FED45F /* AppDelegate.swift in Sources */ = {isa = PBXBuildFile; fileRef = 312AF51723267A4500FED45F /* AppDelegate.swift */; };
		312AF51A23267A4500FED45F /* PizzasViewController.swift in Sources */ = {isa = PBXBuildFile; fileRef = 312AF51923267A4500FED45F /* PizzasViewController.swift */; };
		312AF51D23267A4500FED45F /* Main.storyboard in Resources */ = {isa = PBXBuildFile; fileRef = 312AF51B23267A4500FED45F /* Main.storyboard */; };
		312AF51F23267A4600FED45F /* Assets.xcassets in Resources */ = {isa = PBXBuildFile; fileRef = 312AF51E23267A4600FED45F /* Assets.xcassets */; };
		312AF52223267A4600FED45F /* LaunchScreen.storyboard in Resources */ = {isa = PBXBuildFile; fileRef = 312AF52023267A4600FED45F /* LaunchScreen.storyboard */; };
		312AF53A23267D7A00FED45F /* BrandFont.swift in Sources */ = {isa = PBXBuildFile; fileRef = 312AF53923267D7A00FED45F /* BrandFont.swift */; };
		312AF53C23267D8600FED45F /* BrandColor.swift in Sources */ = {isa = PBXBuildFile; fileRef = 312AF53B23267D8600FED45F /* BrandColor.swift */; };
		312AF54123267E6500FED45F /* UIColor+Hex.swift in Sources */ = {isa = PBXBuildFile; fileRef = 312AF54023267E6500FED45F /* UIColor+Hex.swift */; };
		312AF5432326831800FED45F /* BrandLabel.swift in Sources */ = {isa = PBXBuildFile; fileRef = 312AF5422326831800FED45F /* BrandLabel.swift */; };
		312AF5452326862A00FED45F /* BrandView.swift in Sources */ = {isa = PBXBuildFile; fileRef = 312AF5442326862A00FED45F /* BrandView.swift */; };
		312AF547232686F900FED45F /* BrandActionButton.swift in Sources */ = {isa = PBXBuildFile; fileRef = 312AF546232686F900FED45F /* BrandActionButton.swift */; };
		31601A2B232A810B00CEBBBC /* BeaverageCoordinator.swift in Sources */ = {isa = PBXBuildFile; fileRef = 31601A2A232A810B00CEBBBC /* BeaverageCoordinator.swift */; };
		31601A2D232A82DF00CEBBBC /* BeverageInteractor.swift in Sources */ = {isa = PBXBuildFile; fileRef = 31601A2C232A82DF00CEBBBC /* BeverageInteractor.swift */; };
		31601A2F232A82EE00CEBBBC /* BeveragePresenter.swift in Sources */ = {isa = PBXBuildFile; fileRef = 31601A2E232A82EE00CEBBBC /* BeveragePresenter.swift */; };
		31601A31232A830300CEBBBC /* BeverageViewController.swift in Sources */ = {isa = PBXBuildFile; fileRef = 31601A30232A830300CEBBBC /* BeverageViewController.swift */; };
		31AC08DB2326905100D1B8DA /* PizzaLoader.json in Resources */ = {isa = PBXBuildFile; fileRef = 31AC08DA2326905100D1B8DA /* PizzaLoader.json */; };
		31AC08DF23269DC600D1B8DA /* BaseNavigationBarView.xib in Resources */ = {isa = PBXBuildFile; fileRef = 31AC08DE23269DC600D1B8DA /* BaseNavigationBarView.xib */; };
		31AC08E12326A0E500D1B8DA /* PizzaBasicTableViewCell.xib in Resources */ = {isa = PBXBuildFile; fileRef = 31AC08E02326A0E500D1B8DA /* PizzaBasicTableViewCell.xib */; };
		31AC08E52326A3D900D1B8DA /* BasePurcasableViewCell.xib in Resources */ = {isa = PBXBuildFile; fileRef = 31AC08E42326A3D900D1B8DA /* BasePurcasableViewCell.xib */; };
		31FE69E6232A2ED40010D02D /* PurchaseBanner.swift in Sources */ = {isa = PBXBuildFile; fileRef = 31FE69E5232A2ED40010D02D /* PurchaseBanner.swift */; };
		31FE69EA232A33A40010D02D /* BannerPresentable.swift in Sources */ = {isa = PBXBuildFile; fileRef = 31FE69E9232A33A40010D02D /* BannerPresentable.swift */; };
		31FE69F3232A3BF30010D02D /* CartCoordinator.swift in Sources */ = {isa = PBXBuildFile; fileRef = 31FE69F2232A3BF30010D02D /* CartCoordinator.swift */; };
		31FE69F5232A3C070010D02D /* CartInteractor.swift in Sources */ = {isa = PBXBuildFile; fileRef = 31FE69F4232A3C070010D02D /* CartInteractor.swift */; };
		31FE69F7232A3C1C0010D02D /* CartPresenter.swift in Sources */ = {isa = PBXBuildFile; fileRef = 31FE69F6232A3C1C0010D02D /* CartPresenter.swift */; };
		31FE69FB232A3C360010D02D /* CartViewController.swift in Sources */ = {isa = PBXBuildFile; fileRef = 31FE69FA232A3C360010D02D /* CartViewController.swift */; };
		31FE6A02232A427F0010D02D /* NotificationService.swift in Sources */ = {isa = PBXBuildFile; fileRef = 31FE6A01232A427F0010D02D /* NotificationService.swift */; };
		31FE6A04232A42AB0010D02D /* NotificationContext.swift in Sources */ = {isa = PBXBuildFile; fileRef = 31FE6A03232A42AB0010D02D /* NotificationContext.swift */; };
		31FE6A06232A42EA0010D02D /* NotificationsCenter.swift in Sources */ = {isa = PBXBuildFile; fileRef = 31FE6A05232A42EA0010D02D /* NotificationsCenter.swift */; };
		31FE6A08232A430F0010D02D /* NotificationsCenterDefault.swift in Sources */ = {isa = PBXBuildFile; fileRef = 31FE6A07232A430F0010D02D /* NotificationsCenterDefault.swift */; };
		31FE6A0A232A437E0010D02D /* NotificationContextDefault.swift in Sources */ = {isa = PBXBuildFile; fileRef = 31FE6A09232A437E0010D02D /* NotificationContextDefault.swift */; };
		31FE6A0D232A43CA0010D02D /* CartNotificationService.swift in Sources */ = {isa = PBXBuildFile; fileRef = 31FE6A0C232A43CA0010D02D /* CartNotificationService.swift */; };
		31FE6A14232A559C0010D02D /* BasePurcasableViewCell.swift in Sources */ = {isa = PBXBuildFile; fileRef = 31FE6A13232A559C0010D02D /* BasePurcasableViewCell.swift */; };
		31FE6A16232A55A90010D02D /* BasePurchasableViewModel.swift in Sources */ = {isa = PBXBuildFile; fileRef = 31FE6A15232A55A90010D02D /* BasePurchasableViewModel.swift */; };
		31FE6A18232A56CC0010D02D /* BaseCellType.swift in Sources */ = {isa = PBXBuildFile; fileRef = 31FE6A17232A56CC0010D02D /* BaseCellType.swift */; };
		31FE6A1A232A5F4D0010D02D /* String+Price.swift in Sources */ = {isa = PBXBuildFile; fileRef = 31FE6A19232A5F4D0010D02D /* String+Price.swift */; };
		31FE6A1D232A62290010D02D /* CartFooterView.swift in Sources */ = {isa = PBXBuildFile; fileRef = 31FE6A1C232A62290010D02D /* CartFooterView.swift */; };
		31FE6A20232A66EC0010D02D /* CartFooterView.xib in Resources */ = {isa = PBXBuildFile; fileRef = 31FE6A1F232A66EC0010D02D /* CartFooterView.xib */; };
		C732770D17F2EFBA6898C8A0 /* Pods_NennosPizza.framework in Frameworks */ = {isa = PBXBuildFile; fileRef = 37232298E139DBFFA5DC533B /* Pods_NennosPizza.framework */; };
/* End PBXBuildFile section */

/* Begin PBXContainerItemProxy section */
		312AF52923267A4600FED45F /* PBXContainerItemProxy */ = {
			isa = PBXContainerItemProxy;
			containerPortal = 312AF50C23267A4500FED45F /* Project object */;
			proxyType = 1;
			remoteGlobalIDString = 312AF51323267A4500FED45F;
			remoteInfo = NennosPizza;
		};
/* End PBXContainerItemProxy section */

/* Begin PBXFileReference section */
		0F261A5DC03597BE2A3701AF /* Pods-NennosPizza.debug.xcconfig */ = {isa = PBXFileReference; includeInIndex = 1; lastKnownFileType = text.xcconfig; name = "Pods-NennosPizza.debug.xcconfig"; path = "Target Support Files/Pods-NennosPizza/Pods-NennosPizza.debug.xcconfig"; sourceTree = "<group>"; };
		3100FB54232B760800E503D6 /* GratitudeViewController.swift */ = {isa = PBXFileReference; lastKnownFileType = sourcecode.swift; path = GratitudeViewController.swift; sourceTree = "<group>"; };
		3100FB56232B761400E503D6 /* GratitudePresenter.swift */ = {isa = PBXFileReference; lastKnownFileType = sourcecode.swift; path = GratitudePresenter.swift; sourceTree = "<group>"; };
		3100FB58232B762100E503D6 /* GratitudeInteractor.swift */ = {isa = PBXFileReference; lastKnownFileType = sourcecode.swift; path = GratitudeInteractor.swift; sourceTree = "<group>"; };
		3100FB5A232B762E00E503D6 /* GratitudeCoordinator.swift */ = {isa = PBXFileReference; lastKnownFileType = sourcecode.swift; path = GratitudeCoordinator.swift; sourceTree = "<group>"; };
		3100FB5D232B7E9300E503D6 /* OrderBackendService.swift */ = {isa = PBXFileReference; lastKnownFileType = sourcecode.swift; path = OrderBackendService.swift; sourceTree = "<group>"; };
		3100FB5F232B7EF500E503D6 /* CartBackendService.swift */ = {isa = PBXFileReference; lastKnownFileType = sourcecode.swift; path = CartBackendService.swift; sourceTree = "<group>"; };
		3100FB61232B7FB900E503D6 /* CartBackendServiceDefault.swift */ = {isa = PBXFileReference; lastKnownFileType = sourcecode.swift; path = CartBackendServiceDefault.swift; sourceTree = "<group>"; };
		3100FB63232B81FC00E503D6 /* Array+Values.swift */ = {isa = PBXFileReference; lastKnownFileType = sourcecode.swift; path = "Array+Values.swift"; sourceTree = "<group>"; };
		3100FB65232B8B1A00E503D6 /* JSONSerializer.swift */ = {isa = PBXFileReference; lastKnownFileType = sourcecode.swift; path = JSONSerializer.swift; sourceTree = "<group>"; };
		3100FB69232B91C700E503D6 /* PizzaTests.swift */ = {isa = PBXFileReference; lastKnownFileType = sourcecode.swift; path = PizzaTests.swift; sourceTree = "<group>"; };
		3100FB6C232B924F00E503D6 /* Mocks.swift */ = {isa = PBXFileReference; lastKnownFileType = sourcecode.swift; path = Mocks.swift; sourceTree = "<group>"; };
		3100FB6E232B946D00E503D6 /* BackendPizzaObjectTest.swift */ = {isa = PBXFileReference; lastKnownFileType = sourcecode.swift; path = BackendPizzaObjectTest.swift; sourceTree = "<group>"; };
		3100FB70232B954400E503D6 /* PizzaJSONTests.swift */ = {isa = PBXFileReference; lastKnownFileType = sourcecode.swift; path = PizzaJSONTests.swift; sourceTree = "<group>"; };
		3100FB77232B984D00E503D6 /* wrong_pizza.json */ = {isa = PBXFileReference; fileEncoding = 4; lastKnownFileType = text.json; path = wrong_pizza.json; sourceTree = "<group>"; };
		3100FB78232B984D00E503D6 /* correct_pizza.json */ = {isa = PBXFileReference; fileEncoding = 4; lastKnownFileType = text.json; path = correct_pizza.json; sourceTree = "<group>"; };
		3100FB7B232B98F400E503D6 /* NennosPizzaTests.swift */ = {isa = PBXFileReference; fileEncoding = 4; lastKnownFileType = sourcecode.swift; path = NennosPizzaTests.swift; sourceTree = "<group>"; };
		31034FAE23277A8C001828BE /* TableViewDataAdapter.swift */ = {isa = PBXFileReference; lastKnownFileType = sourcecode.swift; path = TableViewDataAdapter.swift; sourceTree = "<group>"; };
		31034FB123277AEC001828BE /* CellViewModel.swift */ = {isa = PBXFileReference; lastKnownFileType = sourcecode.swift; path = CellViewModel.swift; sourceTree = "<group>"; };
		31034FB423277B17001828BE /* Accessible.swift */ = {isa = PBXFileReference; lastKnownFileType = sourcecode.swift; path = Accessible.swift; sourceTree = "<group>"; };
		31034FB723277B58001828BE /* AccessibilityDisplayFunction.swift */ = {isa = PBXFileReference; lastKnownFileType = sourcecode.swift; path = AccessibilityDisplayFunction.swift; sourceTree = "<group>"; };
		31034FB923277E14001828BE /* Reusable.swift */ = {isa = PBXFileReference; lastKnownFileType = sourcecode.swift; path = Reusable.swift; sourceTree = "<group>"; };
		31034FBC23277E8F001828BE /* UITableView+ViewModels.swift */ = {isa = PBXFileReference; lastKnownFileType = sourcecode.swift; path = "UITableView+ViewModels.swift"; sourceTree = "<group>"; };
		31034FBF23277F00001828BE /* XibInitializable.swift */ = {isa = PBXFileReference; lastKnownFileType = sourcecode.swift; path = XibInitializable.swift; sourceTree = "<group>"; };
		31034FC123277F80001828BE /* UIView+AttachmentToParent.swift */ = {isa = PBXFileReference; lastKnownFileType = sourcecode.swift; path = "UIView+AttachmentToParent.swift"; sourceTree = "<group>"; };
		31034FE52327A44D001828BE /* Purchasable.swift */ = {isa = PBXFileReference; lastKnownFileType = sourcecode.swift; path = Purchasable.swift; sourceTree = "<group>"; };
		31034FE72327A48A001828BE /* Beverage.swift */ = {isa = PBXFileReference; lastKnownFileType = sourcecode.swift; path = Beverage.swift; sourceTree = "<group>"; };
		31034FE92327A4B5001828BE /* Pizza.swift */ = {isa = PBXFileReference; lastKnownFileType = sourcecode.swift; path = Pizza.swift; sourceTree = "<group>"; };
		31034FEB2327A4C9001828BE /* Ingredient.swift */ = {isa = PBXFileReference; lastKnownFileType = sourcecode.swift; path = Ingredient.swift; sourceTree = "<group>"; };
		31034FEE2327B66E001828BE /* Decoder.swift */ = {isa = PBXFileReference; lastKnownFileType = sourcecode.swift; path = Decoder.swift; sourceTree = "<group>"; };
		31034FF02327B6C7001828BE /* DictionaryDecoder.swift */ = {isa = PBXFileReference; lastKnownFileType = sourcecode.swift; path = DictionaryDecoder.swift; sourceTree = "<group>"; };
		31034FF32327B76C001828BE /* HtttpClient.swift */ = {isa = PBXFileReference; lastKnownFileType = sourcecode.swift; path = HtttpClient.swift; sourceTree = "<group>"; };
		31034FF62327B7C1001828BE /* Types.swift */ = {isa = PBXFileReference; lastKnownFileType = sourcecode.swift; path = Types.swift; sourceTree = "<group>"; };
		31034FF82327B81E001828BE /* AlamofireHttpClient.swift */ = {isa = PBXFileReference; lastKnownFileType = sourcecode.swift; path = AlamofireHttpClient.swift; sourceTree = "<group>"; };
		31034FFA2327B9C1001828BE /* HttpError.swift */ = {isa = PBXFileReference; lastKnownFileType = sourcecode.swift; path = HttpError.swift; sourceTree = "<group>"; };
		31034FFC2327BAD4001828BE /* BackendError.swift */ = {isa = PBXFileReference; lastKnownFileType = sourcecode.swift; path = BackendError.swift; sourceTree = "<group>"; };
		310350032327BF1E001828BE /* BackendService.swift */ = {isa = PBXFileReference; lastKnownFileType = sourcecode.swift; path = BackendService.swift; sourceTree = "<group>"; };
		310350052327BF4D001828BE /* ProductsBackendService.swift */ = {isa = PBXFileReference; lastKnownFileType = sourcecode.swift; path = ProductsBackendService.swift; sourceTree = "<group>"; };
		310350072327C055001828BE /* BackendPizzaObject.swift */ = {isa = PBXFileReference; lastKnownFileType = sourcecode.swift; path = BackendPizzaObject.swift; sourceTree = "<group>"; };
		310350092327C098001828BE /* BackendPizzasObject.swift */ = {isa = PBXFileReference; lastKnownFileType = sourcecode.swift; path = BackendPizzasObject.swift; sourceTree = "<group>"; };
		3103500B2327C1C7001828BE /* FoodBackendService.swift */ = {isa = PBXFileReference; lastKnownFileType = sourcecode.swift; path = FoodBackendService.swift; sourceTree = "<group>"; };
		3103500D2327C256001828BE /* FoodBackendServiceDefault.swift */ = {isa = PBXFileReference; lastKnownFileType = sourcecode.swift; path = FoodBackendServiceDefault.swift; sourceTree = "<group>"; };
		3103500F2327C2FD001828BE /* BackendRequestPath.swift */ = {isa = PBXFileReference; lastKnownFileType = sourcecode.swift; path = BackendRequestPath.swift; sourceTree = "<group>"; };
		310350182327CB4A001828BE /* PizzasCoordinator.swift */ = {isa = PBXFileReference; lastKnownFileType = sourcecode.swift; path = PizzasCoordinator.swift; sourceTree = "<group>"; };
		3103501D2327CE72001828BE /* BaseCoordinator.swift */ = {isa = PBXFileReference; lastKnownFileType = sourcecode.swift; path = BaseCoordinator.swift; sourceTree = "<group>"; };
		310350202327CECD001828BE /* BaseViewController.swift */ = {isa = PBXFileReference; lastKnownFileType = sourcecode.swift; path = BaseViewController.swift; sourceTree = "<group>"; };
		310350232327D153001828BE /* Interactor.swift */ = {isa = PBXFileReference; lastKnownFileType = sourcecode.swift; path = Interactor.swift; sourceTree = "<group>"; };
		310350262327D1A7001828BE /* Presenter.swift */ = {isa = PBXFileReference; lastKnownFileType = sourcecode.swift; path = Presenter.swift; sourceTree = "<group>"; };
		310350282327D20E001828BE /* BasePresenter.swift */ = {isa = PBXFileReference; lastKnownFileType = sourcecode.swift; path = BasePresenter.swift; sourceTree = "<group>"; };
		3103502A2327D237001828BE /* BaseInteractor.swift */ = {isa = PBXFileReference; lastKnownFileType = sourcecode.swift; path = BaseInteractor.swift; sourceTree = "<group>"; };
		310350302327D479001828BE /* Router+PurchaseBanner.swift */ = {isa = PBXFileReference; lastKnownFileType = sourcecode.swift; path = "Router+PurchaseBanner.swift"; sourceTree = "<group>"; };
		310350322327D4F0001828BE /* Router+LoaderView.swift */ = {isa = PBXFileReference; lastKnownFileType = sourcecode.swift; path = "Router+LoaderView.swift"; sourceTree = "<group>"; };
		310350342327DB3C001828BE /* MainStoryboard.swift */ = {isa = PBXFileReference; lastKnownFileType = sourcecode.swift; path = MainStoryboard.swift; sourceTree = "<group>"; };
		310350362327DCCF001828BE /* PizzasInteractor.swift */ = {isa = PBXFileReference; lastKnownFileType = sourcecode.swift; path = PizzasInteractor.swift; sourceTree = "<group>"; };
		310350382327DCF0001828BE /* PizzasPresenter.swift */ = {isa = PBXFileReference; lastKnownFileType = sourcecode.swift; path = PizzasPresenter.swift; sourceTree = "<group>"; };
		3103503A2327E038001828BE /* Section.swift */ = {isa = PBXFileReference; lastKnownFileType = sourcecode.swift; path = Section.swift; sourceTree = "<group>"; };
		3103503D2327E086001828BE /* SupplementaryViewModel.swift */ = {isa = PBXFileReference; lastKnownFileType = sourcecode.swift; path = SupplementaryViewModel.swift; sourceTree = "<group>"; };
		310350402327E542001828BE /* PizzaBasicCellViewModel.swift */ = {isa = PBXFileReference; lastKnownFileType = sourcecode.swift; path = PizzaBasicCellViewModel.swift; sourceTree = "<group>"; };
		310350452327E7E4001828BE /* Router.swift */ = {isa = PBXFileReference; fileEncoding = 4; lastKnownFileType = sourcecode.swift; path = Router.swift; sourceTree = "<group>"; };
		310350482327E951001828BE /* PizzaBasicTableViewCell.swift */ = {isa = PBXFileReference; lastKnownFileType = sourcecode.swift; path = PizzaBasicTableViewCell.swift; sourceTree = "<group>"; };
		3122092D2328D344001471F9 /* ImageDownloader.swift */ = {isa = PBXFileReference; lastKnownFileType = sourcecode.swift; path = ImageDownloader.swift; sourceTree = "<group>"; };
		3122093023290F8A001471F9 /* PizzaLoadingView.swift */ = {isa = PBXFileReference; lastKnownFileType = sourcecode.swift; path = PizzaLoadingView.swift; sourceTree = "<group>"; };
		31220934232914B4001471F9 /* BaseNavigationBarView.swift */ = {isa = PBXFileReference; lastKnownFileType = sourcecode.swift; path = BaseNavigationBarView.swift; sourceTree = "<group>"; };
		3122093723291915001471F9 /* AppCoordinator.swift */ = {isa = PBXFileReference; lastKnownFileType = sourcecode.swift; path = AppCoordinator.swift; sourceTree = "<group>"; };
		3122093923292264001471F9 /* UINavigationController+Fade.swift */ = {isa = PBXFileReference; lastKnownFileType = sourcecode.swift; path = "UINavigationController+Fade.swift"; sourceTree = "<group>"; };
		3122093E23293F4D001471F9 /* StorageService.swift */ = {isa = PBXFileReference; lastKnownFileType = sourcecode.swift; path = StorageService.swift; sourceTree = "<group>"; };
		3122094523294508001471F9 /* CartStorageService.swift */ = {isa = PBXFileReference; lastKnownFileType = sourcecode.swift; path = CartStorageService.swift; sourceTree = "<group>"; };
		3122094723294762001471F9 /* CachingStorageService.swift */ = {isa = PBXFileReference; lastKnownFileType = sourcecode.swift; path = CachingStorageService.swift; sourceTree = "<group>"; };
		31220949232947EC001471F9 /* StorageServiceDefault.swift */ = {isa = PBXFileReference; lastKnownFileType = sourcecode.swift; path = StorageServiceDefault.swift; sourceTree = "<group>"; };
		3122094C23294A00001471F9 /* AppManager.swift */ = {isa = PBXFileReference; lastKnownFileType = sourcecode.swift; path = AppManager.swift; sourceTree = "<group>"; };
		312AF51423267A4500FED45F /* NennosPizza.app */ = {isa = PBXFileReference; explicitFileType = wrapper.application; includeInIndex = 0; path = NennosPizza.app; sourceTree = BUILT_PRODUCTS_DIR; };
		312AF51723267A4500FED45F /* AppDelegate.swift */ = {isa = PBXFileReference; lastKnownFileType = sourcecode.swift; path = AppDelegate.swift; sourceTree = "<group>"; };
		312AF51923267A4500FED45F /* PizzasViewController.swift */ = {isa = PBXFileReference; lastKnownFileType = sourcecode.swift; path = PizzasViewController.swift; sourceTree = "<group>"; };
		312AF51C23267A4500FED45F /* Base */ = {isa = PBXFileReference; lastKnownFileType = file.storyboard; name = Base; path = Base.lproj/Main.storyboard; sourceTree = "<group>"; };
		312AF51E23267A4600FED45F /* Assets.xcassets */ = {isa = PBXFileReference; lastKnownFileType = folder.assetcatalog; path = Assets.xcassets; sourceTree = "<group>"; };
		312AF52123267A4600FED45F /* Base */ = {isa = PBXFileReference; lastKnownFileType = file.storyboard; name = Base; path = Base.lproj/LaunchScreen.storyboard; sourceTree = "<group>"; };
		312AF52323267A4600FED45F /* Info.plist */ = {isa = PBXFileReference; lastKnownFileType = text.plist.xml; path = Info.plist; sourceTree = "<group>"; };
		312AF52823267A4600FED45F /* NennosPizzaTests.xctest */ = {isa = PBXFileReference; explicitFileType = wrapper.cfbundle; includeInIndex = 0; path = NennosPizzaTests.xctest; sourceTree = BUILT_PRODUCTS_DIR; };
		312AF52E23267A4600FED45F /* Info.plist */ = {isa = PBXFileReference; lastKnownFileType = text.plist.xml; path = Info.plist; sourceTree = "<group>"; };
		312AF53923267D7A00FED45F /* BrandFont.swift */ = {isa = PBXFileReference; lastKnownFileType = sourcecode.swift; path = BrandFont.swift; sourceTree = "<group>"; };
		312AF53B23267D8600FED45F /* BrandColor.swift */ = {isa = PBXFileReference; lastKnownFileType = sourcecode.swift; path = BrandColor.swift; sourceTree = "<group>"; };
		312AF54023267E6500FED45F /* UIColor+Hex.swift */ = {isa = PBXFileReference; lastKnownFileType = sourcecode.swift; path = "UIColor+Hex.swift"; sourceTree = "<group>"; };
		312AF5422326831800FED45F /* BrandLabel.swift */ = {isa = PBXFileReference; lastKnownFileType = sourcecode.swift; path = BrandLabel.swift; sourceTree = "<group>"; };
		312AF5442326862A00FED45F /* BrandView.swift */ = {isa = PBXFileReference; lastKnownFileType = sourcecode.swift; path = BrandView.swift; sourceTree = "<group>"; };
		312AF546232686F900FED45F /* BrandActionButton.swift */ = {isa = PBXFileReference; lastKnownFileType = sourcecode.swift; path = BrandActionButton.swift; sourceTree = "<group>"; };
		31601A2A232A810B00CEBBBC /* BeaverageCoordinator.swift */ = {isa = PBXFileReference; lastKnownFileType = sourcecode.swift; path = BeaverageCoordinator.swift; sourceTree = "<group>"; };
		31601A2C232A82DF00CEBBBC /* BeverageInteractor.swift */ = {isa = PBXFileReference; lastKnownFileType = sourcecode.swift; path = BeverageInteractor.swift; sourceTree = "<group>"; };
		31601A2E232A82EE00CEBBBC /* BeveragePresenter.swift */ = {isa = PBXFileReference; lastKnownFileType = sourcecode.swift; path = BeveragePresenter.swift; sourceTree = "<group>"; };
		31601A30232A830300CEBBBC /* BeverageViewController.swift */ = {isa = PBXFileReference; lastKnownFileType = sourcecode.swift; path = BeverageViewController.swift; sourceTree = "<group>"; };
		31AC08DA2326905100D1B8DA /* PizzaLoader.json */ = {isa = PBXFileReference; fileEncoding = 4; lastKnownFileType = text.json; path = PizzaLoader.json; sourceTree = "<group>"; };
		31AC08DE23269DC600D1B8DA /* BaseNavigationBarView.xib */ = {isa = PBXFileReference; lastKnownFileType = file.xib; path = BaseNavigationBarView.xib; sourceTree = "<group>"; };
		31AC08E02326A0E500D1B8DA /* PizzaBasicTableViewCell.xib */ = {isa = PBXFileReference; lastKnownFileType = file.xib; path = PizzaBasicTableViewCell.xib; sourceTree = "<group>"; };
		31AC08E42326A3D900D1B8DA /* BasePurcasableViewCell.xib */ = {isa = PBXFileReference; lastKnownFileType = file.xib; path = BasePurcasableViewCell.xib; sourceTree = "<group>"; };
		31FE69E5232A2ED40010D02D /* PurchaseBanner.swift */ = {isa = PBXFileReference; lastKnownFileType = sourcecode.swift; path = PurchaseBanner.swift; sourceTree = "<group>"; };
		31FE69E9232A33A40010D02D /* BannerPresentable.swift */ = {isa = PBXFileReference; lastKnownFileType = sourcecode.swift; path = BannerPresentable.swift; sourceTree = "<group>"; };
		31FE69F2232A3BF30010D02D /* CartCoordinator.swift */ = {isa = PBXFileReference; lastKnownFileType = sourcecode.swift; path = CartCoordinator.swift; sourceTree = "<group>"; };
		31FE69F4232A3C070010D02D /* CartInteractor.swift */ = {isa = PBXFileReference; lastKnownFileType = sourcecode.swift; path = CartInteractor.swift; sourceTree = "<group>"; };
		31FE69F6232A3C1C0010D02D /* CartPresenter.swift */ = {isa = PBXFileReference; lastKnownFileType = sourcecode.swift; path = CartPresenter.swift; sourceTree = "<group>"; };
		31FE69FA232A3C360010D02D /* CartViewController.swift */ = {isa = PBXFileReference; lastKnownFileType = sourcecode.swift; path = CartViewController.swift; sourceTree = "<group>"; };
		31FE6A01232A427F0010D02D /* NotificationService.swift */ = {isa = PBXFileReference; lastKnownFileType = sourcecode.swift; path = NotificationService.swift; sourceTree = "<group>"; };
		31FE6A03232A42AB0010D02D /* NotificationContext.swift */ = {isa = PBXFileReference; lastKnownFileType = sourcecode.swift; path = NotificationContext.swift; sourceTree = "<group>"; };
		31FE6A05232A42EA0010D02D /* NotificationsCenter.swift */ = {isa = PBXFileReference; lastKnownFileType = sourcecode.swift; path = NotificationsCenter.swift; sourceTree = "<group>"; };
		31FE6A07232A430F0010D02D /* NotificationsCenterDefault.swift */ = {isa = PBXFileReference; lastKnownFileType = sourcecode.swift; path = NotificationsCenterDefault.swift; sourceTree = "<group>"; };
		31FE6A09232A437E0010D02D /* NotificationContextDefault.swift */ = {isa = PBXFileReference; lastKnownFileType = sourcecode.swift; path = NotificationContextDefault.swift; sourceTree = "<group>"; };
		31FE6A0C232A43CA0010D02D /* CartNotificationService.swift */ = {isa = PBXFileReference; lastKnownFileType = sourcecode.swift; path = CartNotificationService.swift; sourceTree = "<group>"; };
		31FE6A13232A559C0010D02D /* BasePurcasableViewCell.swift */ = {isa = PBXFileReference; lastKnownFileType = sourcecode.swift; path = BasePurcasableViewCell.swift; sourceTree = "<group>"; };
		31FE6A15232A55A90010D02D /* BasePurchasableViewModel.swift */ = {isa = PBXFileReference; lastKnownFileType = sourcecode.swift; path = BasePurchasableViewModel.swift; sourceTree = "<group>"; };
		31FE6A17232A56CC0010D02D /* BaseCellType.swift */ = {isa = PBXFileReference; lastKnownFileType = sourcecode.swift; path = BaseCellType.swift; sourceTree = "<group>"; };
		31FE6A19232A5F4D0010D02D /* String+Price.swift */ = {isa = PBXFileReference; lastKnownFileType = sourcecode.swift; path = "String+Price.swift"; sourceTree = "<group>"; };
		31FE6A1C232A62290010D02D /* CartFooterView.swift */ = {isa = PBXFileReference; lastKnownFileType = sourcecode.swift; path = CartFooterView.swift; sourceTree = "<group>"; };
		31FE6A1F232A66EC0010D02D /* CartFooterView.xib */ = {isa = PBXFileReference; lastKnownFileType = file.xib; path = CartFooterView.xib; sourceTree = "<group>"; };
		37232298E139DBFFA5DC533B /* Pods_NennosPizza.framework */ = {isa = PBXFileReference; explicitFileType = wrapper.framework; includeInIndex = 0; path = Pods_NennosPizza.framework; sourceTree = BUILT_PRODUCTS_DIR; };
		6199B0455C47C72E43B12325 /* Pods-NennosPizza.release.xcconfig */ = {isa = PBXFileReference; includeInIndex = 1; lastKnownFileType = text.xcconfig; name = "Pods-NennosPizza.release.xcconfig"; path = "Target Support Files/Pods-NennosPizza/Pods-NennosPizza.release.xcconfig"; sourceTree = "<group>"; };
/* End PBXFileReference section */

/* Begin PBXFrameworksBuildPhase section */
		312AF51123267A4500FED45F /* Frameworks */ = {
			isa = PBXFrameworksBuildPhase;
			buildActionMask = 2147483647;
			files = (
				C732770D17F2EFBA6898C8A0 /* Pods_NennosPizza.framework in Frameworks */,
			);
			runOnlyForDeploymentPostprocessing = 0;
		};
		312AF52523267A4600FED45F /* Frameworks */ = {
			isa = PBXFrameworksBuildPhase;
			buildActionMask = 2147483647;
			files = (
			);
			runOnlyForDeploymentPostprocessing = 0;
		};
/* End PBXFrameworksBuildPhase section */

/* Begin PBXGroup section */
		3100FB4F232B758900E503D6 /* Gratitude */ = {
			isa = PBXGroup;
			children = (
				3100FB50232B75D500E503D6 /* Coordinator */,
				3100FB52232B75E400E503D6 /* Interactor */,
				3100FB53232B75EA00E503D6 /* Presenter */,
				3100FB51232B75DB00E503D6 /* View */,
			);
			path = Gratitude;
			sourceTree = "<group>";
		};
		3100FB50232B75D500E503D6 /* Coordinator */ = {
			isa = PBXGroup;
			children = (
				3100FB5A232B762E00E503D6 /* GratitudeCoordinator.swift */,
			);
			path = Coordinator;
			sourceTree = "<group>";
		};
		3100FB51232B75DB00E503D6 /* View */ = {
			isa = PBXGroup;
			children = (
				3100FB54232B760800E503D6 /* GratitudeViewController.swift */,
			);
			path = View;
			sourceTree = "<group>";
		};
		3100FB52232B75E400E503D6 /* Interactor */ = {
			isa = PBXGroup;
			children = (
				3100FB58232B762100E503D6 /* GratitudeInteractor.swift */,
			);
			path = Interactor;
			sourceTree = "<group>";
		};
		3100FB53232B75EA00E503D6 /* Presenter */ = {
			isa = PBXGroup;
			children = (
				3100FB56232B761400E503D6 /* GratitudePresenter.swift */,
			);
			path = Presenter;
			sourceTree = "<group>";
		};
		3100FB5C232B7E5B00E503D6 /* Order */ = {
			isa = PBXGroup;
			children = (
				3100FB5F232B7EF500E503D6 /* CartBackendService.swift */,
				3100FB61232B7FB900E503D6 /* CartBackendServiceDefault.swift */,
			);
			path = Order;
			sourceTree = "<group>";
		};
		3100FB67232B91B400E503D6 /* Modules */ = {
			isa = PBXGroup;
			children = (
				3100FB68232B91BA00E503D6 /* Pizza */,
			);
			path = Modules;
			sourceTree = "<group>";
		};
		3100FB68232B91BA00E503D6 /* Pizza */ = {
			isa = PBXGroup;
			children = (
				3100FB69232B91C700E503D6 /* PizzaTests.swift */,
				3100FB6E232B946D00E503D6 /* BackendPizzaObjectTest.swift */,
				3100FB70232B954400E503D6 /* PizzaJSONTests.swift */,
			);
			path = Pizza;
			sourceTree = "<group>";
		};
		3100FB6B232B924000E503D6 /* MockData */ = {
			isa = PBXGroup;
			children = (
				3100FB6C232B924F00E503D6 /* Mocks.swift */,
			);
			path = MockData;
			sourceTree = "<group>";
		};
		3100FB72232B968C00E503D6 /* Resources */ = {
			isa = PBXGroup;
			children = (
				3100FB78232B984D00E503D6 /* correct_pizza.json */,
				3100FB77232B984D00E503D6 /* wrong_pizza.json */,
			);
			path = Resources;
			sourceTree = "<group>";
		};
		31034FAC23277A61001828BE /* TableView */ = {
			isa = PBXGroup;
			children = (
				31034FB023277AD8001828BE /* CellVewModels */,
				31034FAD23277A6D001828BE /* Adapters */,
			);
			path = TableView;
			sourceTree = "<group>";
		};
		31034FAD23277A6D001828BE /* Adapters */ = {
			isa = PBXGroup;
			children = (
				31034FAE23277A8C001828BE /* TableViewDataAdapter.swift */,
				3103503A2327E038001828BE /* Section.swift */,
			);
			path = Adapters;
			sourceTree = "<group>";
		};
		31034FB023277AD8001828BE /* CellVewModels */ = {
			isa = PBXGroup;
			children = (
				3103503C2327E05C001828BE /* ViewModels */,
				31034FBB23277E7B001828BE /* Extensions */,
				31034FB323277B09001828BE /* Protocols */,
			);
			path = CellVewModels;
			sourceTree = "<group>";
		};
		31034FB323277B09001828BE /* Protocols */ = {
			isa = PBXGroup;
			children = (
				31034FB623277B38001828BE /* Accessibility */,
				31034FB923277E14001828BE /* Reusable.swift */,
			);
			path = Protocols;
			sourceTree = "<group>";
		};
		31034FB623277B38001828BE /* Accessibility */ = {
			isa = PBXGroup;
			children = (
				31034FB423277B17001828BE /* Accessible.swift */,
				31034FB723277B58001828BE /* AccessibilityDisplayFunction.swift */,
			);
			path = Accessibility;
			sourceTree = "<group>";
		};
		31034FBB23277E7B001828BE /* Extensions */ = {
			isa = PBXGroup;
			children = (
				31034FBC23277E8F001828BE /* UITableView+ViewModels.swift */,
			);
			path = Extensions;
			sourceTree = "<group>";
		};
		31034FBE23277EDB001828BE /* XibHelpers */ = {
			isa = PBXGroup;
			children = (
				31034FBF23277F00001828BE /* XibInitializable.swift */,
			);
			path = XibHelpers;
			sourceTree = "<group>";
		};
		31034FC423278247001828BE /* Networking */ = {
			isa = PBXGroup;
			children = (
				31034FED2327B65C001828BE /* Decoder */,
				31034FF22327B73C001828BE /* HttpClient */,
				31034FFE2327BC17001828BE /* BackendService */,
			);
			path = Networking;
			sourceTree = "<group>";
		};
		31034FE22327A426001828BE /* Models */ = {
			isa = PBXGroup;
			children = (
				31034FE42327A434001828BE /* Protocols */,
				31034FE32327A42D001828BE /* Entities */,
			);
			path = Models;
			sourceTree = "<group>";
		};
		31034FE32327A42D001828BE /* Entities */ = {
			isa = PBXGroup;
			children = (
				31034FE72327A48A001828BE /* Beverage.swift */,
				31034FE92327A4B5001828BE /* Pizza.swift */,
				31034FEB2327A4C9001828BE /* Ingredient.swift */,
				31034FFC2327BAD4001828BE /* BackendError.swift */,
			);
			path = Entities;
			sourceTree = "<group>";
		};
		31034FE42327A434001828BE /* Protocols */ = {
			isa = PBXGroup;
			children = (
				31034FE52327A44D001828BE /* Purchasable.swift */,
			);
			path = Protocols;
			sourceTree = "<group>";
		};
		31034FED2327B65C001828BE /* Decoder */ = {
			isa = PBXGroup;
			children = (
				31034FEE2327B66E001828BE /* Decoder.swift */,
				31034FF02327B6C7001828BE /* DictionaryDecoder.swift */,
			);
			path = Decoder;
			sourceTree = "<group>";
		};
		31034FF22327B73C001828BE /* HttpClient */ = {
			isa = PBXGroup;
			children = (
				31034FF32327B76C001828BE /* HtttpClient.swift */,
				31034FF82327B81E001828BE /* AlamofireHttpClient.swift */,
				31034FFA2327B9C1001828BE /* HttpError.swift */,
			);
			path = HttpClient;
			sourceTree = "<group>";
		};
		31034FF52327B798001828BE /* Types */ = {
			isa = PBXGroup;
			children = (
				31034FF62327B7C1001828BE /* Types.swift */,
			);
			path = Types;
			sourceTree = "<group>";
		};
		31034FFE2327BC17001828BE /* BackendService */ = {
			isa = PBXGroup;
			children = (
				310350022327BC84001828BE /* Common */,
				310350002327BC5E001828BE /* Food */,
				3100FB5C232B7E5B00E503D6 /* Order */,
			);
			path = BackendService;
			sourceTree = "<group>";
		};
		31034FFF2327BC43001828BE /* Models */ = {
			isa = PBXGroup;
			children = (
				310350072327C055001828BE /* BackendPizzaObject.swift */,
				310350092327C098001828BE /* BackendPizzasObject.swift */,
			);
			path = Models;
			sourceTree = "<group>";
		};
		310350002327BC5E001828BE /* Food */ = {
			isa = PBXGroup;
			children = (
				31034FFF2327BC43001828BE /* Models */,
				3103500B2327C1C7001828BE /* FoodBackendService.swift */,
				3103500D2327C256001828BE /* FoodBackendServiceDefault.swift */,
			);
			path = Food;
			sourceTree = "<group>";
		};
		310350022327BC84001828BE /* Common */ = {
			isa = PBXGroup;
			children = (
				310350032327BF1E001828BE /* BackendService.swift */,
				310350052327BF4D001828BE /* ProductsBackendService.swift */,
				3103500F2327C2FD001828BE /* BackendRequestPath.swift */,
				3100FB5D232B7E9300E503D6 /* OrderBackendService.swift */,
				3100FB65232B8B1A00E503D6 /* JSONSerializer.swift */,
			);
			path = Common;
			sourceTree = "<group>";
		};
		310350112327C58F001828BE /* ViewControllers */ = {
			isa = PBXGroup;
			children = (
				310350432327E561001828BE /* Modules */,
				310350422327E55B001828BE /* UI */,
			);
			path = ViewControllers;
			sourceTree = "<group>";
		};
		310350122327C8FD001828BE /* Pizzas */ = {
			isa = PBXGroup;
			children = (
				310350132327CAB8001828BE /* Coordinator */,
				310350142327CAC8001828BE /* Interactor */,
				310350152327CADA001828BE /* Presenter */,
				310350172327CAF1001828BE /* View */,
			);
			path = Pizzas;
			sourceTree = "<group>";
		};
		310350132327CAB8001828BE /* Coordinator */ = {
			isa = PBXGroup;
			children = (
				310350182327CB4A001828BE /* PizzasCoordinator.swift */,
			);
			path = Coordinator;
			sourceTree = "<group>";
		};
		310350142327CAC8001828BE /* Interactor */ = {
			isa = PBXGroup;
			children = (
				310350362327DCCF001828BE /* PizzasInteractor.swift */,
			);
			path = Interactor;
			sourceTree = "<group>";
		};
		310350152327CADA001828BE /* Presenter */ = {
			isa = PBXGroup;
			children = (
				310350382327DCF0001828BE /* PizzasPresenter.swift */,
			);
			path = Presenter;
			sourceTree = "<group>";
		};
		310350172327CAF1001828BE /* View */ = {
			isa = PBXGroup;
			children = (
				312AF51923267A4500FED45F /* PizzasViewController.swift */,
			);
			path = View;
			sourceTree = "<group>";
		};
		3103501A2327CE52001828BE /* Base */ = {
			isa = PBXGroup;
			children = (
				3103501B2327CE58001828BE /* Coordinator */,
				310350222327D13D001828BE /* Interactor */,
				310350252327D198001828BE /* Presenter */,
				3103502C2327D246001828BE /* Router */,
				3103501F2327CEB8001828BE /* View */,
			);
			path = Base;
			sourceTree = "<group>";
		};
		3103501B2327CE58001828BE /* Coordinator */ = {
			isa = PBXGroup;
			children = (
				3103501D2327CE72001828BE /* BaseCoordinator.swift */,
			);
			path = Coordinator;
			sourceTree = "<group>";
		};
		3103501F2327CEB8001828BE /* View */ = {
			isa = PBXGroup;
			children = (
				310350202327CECD001828BE /* BaseViewController.swift */,
			);
			path = View;
			sourceTree = "<group>";
		};
		310350222327D13D001828BE /* Interactor */ = {
			isa = PBXGroup;
			children = (
				310350232327D153001828BE /* Interactor.swift */,
				3103502A2327D237001828BE /* BaseInteractor.swift */,
			);
			path = Interactor;
			sourceTree = "<group>";
		};
		310350252327D198001828BE /* Presenter */ = {
			isa = PBXGroup;
			children = (
				310350262327D1A7001828BE /* Presenter.swift */,
				310350282327D20E001828BE /* BasePresenter.swift */,
				31FE69E9232A33A40010D02D /* BannerPresentable.swift */,
			);
			path = Presenter;
			sourceTree = "<group>";
		};
		3103502C2327D246001828BE /* Router */ = {
			isa = PBXGroup;
			children = (
				310350452327E7E4001828BE /* Router.swift */,
				310350302327D479001828BE /* Router+PurchaseBanner.swift */,
				310350322327D4F0001828BE /* Router+LoaderView.swift */,
			);
			path = Router;
			sourceTree = "<group>";
		};
		3103503C2327E05C001828BE /* ViewModels */ = {
			isa = PBXGroup;
			children = (
				31034FB123277AEC001828BE /* CellViewModel.swift */,
				3103503D2327E086001828BE /* SupplementaryViewModel.swift */,
			);
			path = ViewModels;
			sourceTree = "<group>";
		};
		3103503F2327E512001828BE /* ViewModels */ = {
			isa = PBXGroup;
			children = (
				310350402327E542001828BE /* PizzaBasicCellViewModel.swift */,
			);
			path = ViewModels;
			sourceTree = "<group>";
		};
		310350422327E55B001828BE /* UI */ = {
			isa = PBXGroup;
			children = (
				31FE6A1B232A621B0010D02D /* Cart */,
				3122093223291485001471F9 /* Base */,
				310350442327E583001828BE /* PizzasMain */,
			);
			path = UI;
			sourceTree = "<group>";
		};
		310350432327E561001828BE /* Modules */ = {
			isa = PBXGroup;
			children = (
				3100FB4F232B758900E503D6 /* Gratitude */,
				31601A25232A809900CEBBBC /* Beverage */,
				31FE69EB232A36C40010D02D /* Cart */,
				3103501A2327CE52001828BE /* Base */,
				310350122327C8FD001828BE /* Pizzas */,
			);
			path = Modules;
			sourceTree = "<group>";
		};
		310350442327E583001828BE /* PizzasMain */ = {
			isa = PBXGroup;
			children = (
				310350472327E939001828BE /* Cells */,
				3103503F2327E512001828BE /* ViewModels */,
			);
			path = PizzasMain;
			sourceTree = "<group>";
		};
		310350472327E939001828BE /* Cells */ = {
			isa = PBXGroup;
			children = (
				310350482327E951001828BE /* PizzaBasicTableViewCell.swift */,
			);
			path = Cells;
			sourceTree = "<group>";
		};
		3122092C2328D332001471F9 /* Helpers */ = {
			isa = PBXGroup;
			children = (
				31034FBE23277EDB001828BE /* XibHelpers */,
				312AF53823267D5E00FED45F /* BrandHelper */,
				3122092D2328D344001471F9 /* ImageDownloader.swift */,
			);
			path = Helpers;
			sourceTree = "<group>";
		};
		3122093223291485001471F9 /* Base */ = {
			isa = PBXGroup;
			children = (
				31FE6A12232A55760010D02D /* ViewModels */,
				31FE6A11232A55600010D02D /* Cells */,
				312209332329148C001471F9 /* Views */,
			);
			path = Base;
			sourceTree = "<group>";
		};
		312209332329148C001471F9 /* Views */ = {
			isa = PBXGroup;
			children = (
				3122093023290F8A001471F9 /* PizzaLoadingView.swift */,
				31220934232914B4001471F9 /* BaseNavigationBarView.swift */,
				31FE69E5232A2ED40010D02D /* PurchaseBanner.swift */,
			);
			path = Views;
			sourceTree = "<group>";
		};
		31220936232918FD001471F9 /* Application */ = {
			isa = PBXGroup;
			children = (
				312AF51723267A4500FED45F /* AppDelegate.swift */,
				3122093723291915001471F9 /* AppCoordinator.swift */,
				3122094C23294A00001471F9 /* AppManager.swift */,
			);
			path = Application;
			sourceTree = "<group>";
		};
		3122093B23293C64001471F9 /* Storage */ = {
			isa = PBXGroup;
			children = (
				3122093C23293F1A001471F9 /* Base */,
				3122093D23293F2F001471F9 /* Cart */,
			);
			path = Storage;
			sourceTree = "<group>";
		};
		3122093C23293F1A001471F9 /* Base */ = {
			isa = PBXGroup;
			children = (
				3122093E23293F4D001471F9 /* StorageService.swift */,
				3122094723294762001471F9 /* CachingStorageService.swift */,
				31220949232947EC001471F9 /* StorageServiceDefault.swift */,
			);
			path = Base;
			sourceTree = "<group>";
		};
		3122093D23293F2F001471F9 /* Cart */ = {
			isa = PBXGroup;
			children = (
				3122094523294508001471F9 /* CartStorageService.swift */,
			);
			path = Cart;
			sourceTree = "<group>";
		};
		312AF50B23267A4500FED45F = {
			isa = PBXGroup;
			children = (
				312AF51623267A4500FED45F /* NennosPizza */,
				312AF52B23267A4600FED45F /* NennosPizzaTests */,
				312AF51523267A4500FED45F /* Products */,
				75490692CC55C14BE4DE802A /* Pods */,
				D40003D989EB9F1BB875FEE4 /* Frameworks */,
			);
			sourceTree = "<group>";
		};
		312AF51523267A4500FED45F /* Products */ = {
			isa = PBXGroup;
			children = (
				312AF51423267A4500FED45F /* NennosPizza.app */,
				312AF52823267A4600FED45F /* NennosPizzaTests.xctest */,
			);
			name = Products;
			sourceTree = "<group>";
		};
		312AF51623267A4500FED45F /* NennosPizza */ = {
			isa = PBXGroup;
			children = (
				31FE69FC232A40C20010D02D /* Services */,
				31220936232918FD001471F9 /* Application */,
				312AF53723267D5200FED45F /* CommonComponents */,
				310350112327C58F001828BE /* ViewControllers */,
				312AF54823268D2E00FED45F /* Resources */,
				312AF52323267A4600FED45F /* Info.plist */,
			);
			path = NennosPizza;
			sourceTree = "<group>";
		};
		312AF52B23267A4600FED45F /* NennosPizzaTests */ = {
			isa = PBXGroup;
			children = (
				3100FB7B232B98F400E503D6 /* NennosPizzaTests.swift */,
				3100FB72232B968C00E503D6 /* Resources */,
				3100FB6B232B924000E503D6 /* MockData */,
				3100FB67232B91B400E503D6 /* Modules */,
				312AF52E23267A4600FED45F /* Info.plist */,
			);
			path = NennosPizzaTests;
			sourceTree = "<group>";
		};
		312AF53723267D5200FED45F /* CommonComponents */ = {
			isa = PBXGroup;
			children = (
				3122092C2328D332001471F9 /* Helpers */,
				31034FF52327B798001828BE /* Types */,
				31034FE22327A426001828BE /* Models */,
				31034FAC23277A61001828BE /* TableView */,
				312AF53D23267E0900FED45F /* Extensions */,
			);
			path = CommonComponents;
			sourceTree = "<group>";
		};
		312AF53823267D5E00FED45F /* BrandHelper */ = {
			isa = PBXGroup;
			children = (
				312AF53923267D7A00FED45F /* BrandFont.swift */,
				312AF53B23267D8600FED45F /* BrandColor.swift */,
				312AF5422326831800FED45F /* BrandLabel.swift */,
				312AF5442326862A00FED45F /* BrandView.swift */,
				312AF546232686F900FED45F /* BrandActionButton.swift */,
			);
			path = BrandHelper;
			sourceTree = "<group>";
		};
		312AF53D23267E0900FED45F /* Extensions */ = {
			isa = PBXGroup;
			children = (
				312AF54023267E6500FED45F /* UIColor+Hex.swift */,
				31034FC123277F80001828BE /* UIView+AttachmentToParent.swift */,
				3122093923292264001471F9 /* UINavigationController+Fade.swift */,
				31FE6A19232A5F4D0010D02D /* String+Price.swift */,
				3100FB63232B81FC00E503D6 /* Array+Values.swift */,
			);
			path = Extensions;
			sourceTree = "<group>";
		};
		312AF54823268D2E00FED45F /* Resources */ = {
			isa = PBXGroup;
			children = (
				31AC08DA2326905100D1B8DA /* PizzaLoader.json */,
				312AF51E23267A4600FED45F /* Assets.xcassets */,
				312AF54923268D3B00FED45F /* Storyboards */,
				312AF54A23268DB100FED45F /* Xib Views */,
			);
			path = Resources;
			sourceTree = "<group>";
		};
		312AF54923268D3B00FED45F /* Storyboards */ = {
			isa = PBXGroup;
			children = (
				312AF51B23267A4500FED45F /* Main.storyboard */,
				312AF52023267A4600FED45F /* LaunchScreen.storyboard */,
				310350342327DB3C001828BE /* MainStoryboard.swift */,
			);
			path = Storyboards;
			sourceTree = "<group>";
		};
		312AF54A23268DB100FED45F /* Xib Views */ = {
			isa = PBXGroup;
			children = (
				31FE6A1E232A66E20010D02D /* Cart */,
				31AC08E32326A0FC00D1B8DA /* Table View Cells */,
				31AC08E22326A0E900D1B8DA /* General */,
			);
			path = "Xib Views";
			sourceTree = "<group>";
		};
		31601A25232A809900CEBBBC /* Beverage */ = {
			isa = PBXGroup;
			children = (
				31601A26232A80C700CEBBBC /* Coordinator */,
				31601A28232A80DA00CEBBBC /* Interactor */,
				31601A27232A80D000CEBBBC /* Presenter */,
				31601A29232A80E400CEBBBC /* View */,
			);
			path = Beverage;
			sourceTree = "<group>";
		};
		31601A26232A80C700CEBBBC /* Coordinator */ = {
			isa = PBXGroup;
			children = (
				31601A2A232A810B00CEBBBC /* BeaverageCoordinator.swift */,
			);
			path = Coordinator;
			sourceTree = "<group>";
		};
		31601A27232A80D000CEBBBC /* Presenter */ = {
			isa = PBXGroup;
			children = (
				31601A2E232A82EE00CEBBBC /* BeveragePresenter.swift */,
			);
			path = Presenter;
			sourceTree = "<group>";
		};
		31601A28232A80DA00CEBBBC /* Interactor */ = {
			isa = PBXGroup;
			children = (
				31601A2C232A82DF00CEBBBC /* BeverageInteractor.swift */,
			);
			path = Interactor;
			sourceTree = "<group>";
		};
		31601A29232A80E400CEBBBC /* View */ = {
			isa = PBXGroup;
			children = (
				31601A30232A830300CEBBBC /* BeverageViewController.swift */,
			);
			path = View;
			sourceTree = "<group>";
		};
		31AC08E22326A0E900D1B8DA /* General */ = {
			isa = PBXGroup;
			children = (
				31AC08DE23269DC600D1B8DA /* BaseNavigationBarView.xib */,
			);
			path = General;
			sourceTree = "<group>";
		};
		31AC08E32326A0FC00D1B8DA /* Table View Cells */ = {
			isa = PBXGroup;
			children = (
				31AC08E02326A0E500D1B8DA /* PizzaBasicTableViewCell.xib */,
				31AC08E42326A3D900D1B8DA /* BasePurcasableViewCell.xib */,
			);
			path = "Table View Cells";
			sourceTree = "<group>";
		};
		31FE69EB232A36C40010D02D /* Cart */ = {
			isa = PBXGroup;
			children = (
				31FE69EC232A3B730010D02D /* Coordinator */,
				31FE69ED232A3B7F0010D02D /* Interactor */,
				31FE69F1232A3BAD0010D02D /* Presenter */,
				31FE69EF232A3B8C0010D02D /* View */,
			);
			path = Cart;
			sourceTree = "<group>";
		};
		31FE69EC232A3B730010D02D /* Coordinator */ = {
			isa = PBXGroup;
			children = (
				31FE69F2232A3BF30010D02D /* CartCoordinator.swift */,
			);
			path = Coordinator;
			sourceTree = "<group>";
		};
		31FE69ED232A3B7F0010D02D /* Interactor */ = {
			isa = PBXGroup;
			children = (
				31FE69F4232A3C070010D02D /* CartInteractor.swift */,
			);
			path = Interactor;
			sourceTree = "<group>";
		};
		31FE69EF232A3B8C0010D02D /* View */ = {
			isa = PBXGroup;
			children = (
				31FE69FA232A3C360010D02D /* CartViewController.swift */,
			);
			path = View;
			sourceTree = "<group>";
		};
		31FE69F1232A3BAD0010D02D /* Presenter */ = {
			isa = PBXGroup;
			children = (
				31FE69F6232A3C1C0010D02D /* CartPresenter.swift */,
			);
			path = Presenter;
			sourceTree = "<group>";
		};
		31FE69FC232A40C20010D02D /* Services */ = {
			isa = PBXGroup;
			children = (
				31034FC423278247001828BE /* Networking */,
				3122093B23293C64001471F9 /* Storage */,
				31FE69FD232A421E0010D02D /* Notifications */,
			);
			path = Services;
			sourceTree = "<group>";
		};
		31FE69FD232A421E0010D02D /* Notifications */ = {
			isa = PBXGroup;
			children = (
				31FE69FE232A423A0010D02D /* Base */,
				31FE6A00232A424C0010D02D /* Cart */,
			);
			path = Notifications;
			sourceTree = "<group>";
		};
		31FE69FE232A423A0010D02D /* Base */ = {
			isa = PBXGroup;
			children = (
				31FE6A01232A427F0010D02D /* NotificationService.swift */,
				31FE6A03232A42AB0010D02D /* NotificationContext.swift */,
				31FE69FF232A423F0010D02D /* NotificationCenter */,
			);
			path = Base;
			sourceTree = "<group>";
		};
		31FE69FF232A423F0010D02D /* NotificationCenter */ = {
			isa = PBXGroup;
			children = (
				31FE6A05232A42EA0010D02D /* NotificationsCenter.swift */,
				31FE6A07232A430F0010D02D /* NotificationsCenterDefault.swift */,
				31FE6A09232A437E0010D02D /* NotificationContextDefault.swift */,
			);
			path = NotificationCenter;
			sourceTree = "<group>";
		};
		31FE6A00232A424C0010D02D /* Cart */ = {
			isa = PBXGroup;
			children = (
				31FE6A0C232A43CA0010D02D /* CartNotificationService.swift */,
			);
			path = Cart;
			sourceTree = "<group>";
		};
		31FE6A11232A55600010D02D /* Cells */ = {
			isa = PBXGroup;
			children = (
				31FE6A13232A559C0010D02D /* BasePurcasableViewCell.swift */,
			);
			path = Cells;
			sourceTree = "<group>";
		};
		31FE6A12232A55760010D02D /* ViewModels */ = {
			isa = PBXGroup;
			children = (
				31FE6A15232A55A90010D02D /* BasePurchasableViewModel.swift */,
				31FE6A17232A56CC0010D02D /* BaseCellType.swift */,
			);
			path = ViewModels;
			sourceTree = "<group>";
		};
		31FE6A1B232A621B0010D02D /* Cart */ = {
			isa = PBXGroup;
			children = (
				31FE6A1C232A62290010D02D /* CartFooterView.swift */,
			);
			path = Cart;
			sourceTree = "<group>";
		};
		31FE6A1E232A66E20010D02D /* Cart */ = {
			isa = PBXGroup;
			children = (
				31FE6A1F232A66EC0010D02D /* CartFooterView.xib */,
			);
			path = Cart;
			sourceTree = "<group>";
		};
		75490692CC55C14BE4DE802A /* Pods */ = {
			isa = PBXGroup;
			children = (
				0F261A5DC03597BE2A3701AF /* Pods-NennosPizza.debug.xcconfig */,
				6199B0455C47C72E43B12325 /* Pods-NennosPizza.release.xcconfig */,
			);
			path = Pods;
			sourceTree = "<group>";
		};
		D40003D989EB9F1BB875FEE4 /* Frameworks */ = {
			isa = PBXGroup;
			children = (
				37232298E139DBFFA5DC533B /* Pods_NennosPizza.framework */,
			);
			name = Frameworks;
			sourceTree = "<group>";
		};
/* End PBXGroup section */

/* Begin PBXNativeTarget section */
		312AF51323267A4500FED45F /* NennosPizza */ = {
			isa = PBXNativeTarget;
			buildConfigurationList = 312AF53123267A4600FED45F /* Build configuration list for PBXNativeTarget "NennosPizza" */;
			buildPhases = (
				276BE9AE12A4599A1081851B /* [CP] Check Pods Manifest.lock */,
				312AF51023267A4500FED45F /* Sources */,
				312AF51123267A4500FED45F /* Frameworks */,
				312AF51223267A4500FED45F /* Resources */,
				CA51C7E5A017DED1CDD615B9 /* [CP] Embed Pods Frameworks */,
			);
			buildRules = (
			);
			dependencies = (
			);
			name = NennosPizza;
			productName = NennosPizza;
			productReference = 312AF51423267A4500FED45F /* NennosPizza.app */;
			productType = "com.apple.product-type.application";
		};
		312AF52723267A4600FED45F /* NennosPizzaTests */ = {
			isa = PBXNativeTarget;
			buildConfigurationList = 312AF53423267A4600FED45F /* Build configuration list for PBXNativeTarget "NennosPizzaTests" */;
			buildPhases = (
				312AF52423267A4600FED45F /* Sources */,
				312AF52523267A4600FED45F /* Frameworks */,
				312AF52623267A4600FED45F /* Resources */,
			);
			buildRules = (
			);
			dependencies = (
				312AF52A23267A4600FED45F /* PBXTargetDependency */,
			);
			name = NennosPizzaTests;
			productName = NennosPizzaTests;
			productReference = 312AF52823267A4600FED45F /* NennosPizzaTests.xctest */;
			productType = "com.apple.product-type.bundle.unit-test";
		};
/* End PBXNativeTarget section */

/* Begin PBXProject section */
		312AF50C23267A4500FED45F /* Project object */ = {
			isa = PBXProject;
			attributes = {
				LastSwiftUpdateCheck = 1030;
				LastUpgradeCheck = 1030;
				ORGANIZATIONNAME = "Iuliia Ponomareva";
				TargetAttributes = {
					312AF51323267A4500FED45F = {
						CreatedOnToolsVersion = 10.3;
					};
					312AF52723267A4600FED45F = {
						CreatedOnToolsVersion = 10.3;
						TestTargetID = 312AF51323267A4500FED45F;
					};
				};
			};
			buildConfigurationList = 312AF50F23267A4500FED45F /* Build configuration list for PBXProject "NennosPizza" */;
			compatibilityVersion = "Xcode 9.3";
			developmentRegion = en;
			hasScannedForEncodings = 0;
			knownRegions = (
				en,
				Base,
			);
			mainGroup = 312AF50B23267A4500FED45F;
			productRefGroup = 312AF51523267A4500FED45F /* Products */;
			projectDirPath = "";
			projectRoot = "";
			targets = (
				312AF51323267A4500FED45F /* NennosPizza */,
				312AF52723267A4600FED45F /* NennosPizzaTests */,
			);
		};
/* End PBXProject section */

/* Begin PBXResourcesBuildPhase section */
		312AF51223267A4500FED45F /* Resources */ = {
			isa = PBXResourcesBuildPhase;
			buildActionMask = 2147483647;
			files = (
				31AC08E12326A0E500D1B8DA /* PizzaBasicTableViewCell.xib in Resources */,
				312AF52223267A4600FED45F /* LaunchScreen.storyboard in Resources */,
				31AC08DB2326905100D1B8DA /* PizzaLoader.json in Resources */,
				31AC08E52326A3D900D1B8DA /* BasePurcasableViewCell.xib in Resources */,
				312AF51F23267A4600FED45F /* Assets.xcassets in Resources */,
				31AC08DF23269DC600D1B8DA /* BaseNavigationBarView.xib in Resources */,
				312AF51D23267A4500FED45F /* Main.storyboard in Resources */,
				31FE6A20232A66EC0010D02D /* CartFooterView.xib in Resources */,
			);
			runOnlyForDeploymentPostprocessing = 0;
		};
		312AF52623267A4600FED45F /* Resources */ = {
			isa = PBXResourcesBuildPhase;
			buildActionMask = 2147483647;
			files = (
				3100FB79232B984D00E503D6 /* wrong_pizza.json in Resources */,
				3100FB7A232B984D00E503D6 /* correct_pizza.json in Resources */,
			);
			runOnlyForDeploymentPostprocessing = 0;
		};
/* End PBXResourcesBuildPhase section */

/* Begin PBXShellScriptBuildPhase section */
		276BE9AE12A4599A1081851B /* [CP] Check Pods Manifest.lock */ = {
			isa = PBXShellScriptBuildPhase;
			buildActionMask = 2147483647;
			files = (
			);
			inputFileListPaths = (
			);
			inputPaths = (
				"${PODS_PODFILE_DIR_PATH}/Podfile.lock",
				"${PODS_ROOT}/Manifest.lock",
			);
			name = "[CP] Check Pods Manifest.lock";
			outputFileListPaths = (
			);
			outputPaths = (
				"$(DERIVED_FILE_DIR)/Pods-NennosPizza-checkManifestLockResult.txt",
			);
			runOnlyForDeploymentPostprocessing = 0;
			shellPath = /bin/sh;
			shellScript = "diff \"${PODS_PODFILE_DIR_PATH}/Podfile.lock\" \"${PODS_ROOT}/Manifest.lock\" > /dev/null\nif [ $? != 0 ] ; then\n    # print error to STDERR\n    echo \"error: The sandbox is not in sync with the Podfile.lock. Run 'pod install' or update your CocoaPods installation.\" >&2\n    exit 1\nfi\n# This output is used by Xcode 'outputs' to avoid re-running this script phase.\necho \"SUCCESS\" > \"${SCRIPT_OUTPUT_FILE_0}\"\n";
			showEnvVarsInLog = 0;
		};
		CA51C7E5A017DED1CDD615B9 /* [CP] Embed Pods Frameworks */ = {
			isa = PBXShellScriptBuildPhase;
			buildActionMask = 2147483647;
			files = (
			);
			inputFileListPaths = (
			);
			inputPaths = (
				"${PODS_ROOT}/Target Support Files/Pods-NennosPizza/Pods-NennosPizza-frameworks.sh",
				"${BUILT_PRODUCTS_DIR}/Alamofire/Alamofire.framework",
				"${BUILT_PRODUCTS_DIR}/AlamofireNetworkActivityIndicator/AlamofireNetworkActivityIndicator.framework",
				"${BUILT_PRODUCTS_DIR}/MarqueeLabel/MarqueeLabel.framework",
				"${BUILT_PRODUCTS_DIR}/NotificationBannerSwift/NotificationBannerSwift.framework",
				"${BUILT_PRODUCTS_DIR}/Nuke/Nuke.framework",
				"${BUILT_PRODUCTS_DIR}/PromiseKit/PromiseKit.framework",
				"${BUILT_PRODUCTS_DIR}/SnapKit/SnapKit.framework",
				"${BUILT_PRODUCTS_DIR}/lottie-ios/Lottie.framework",
			);
			name = "[CP] Embed Pods Frameworks";
			outputFileListPaths = (
			);
			outputPaths = (
				"${TARGET_BUILD_DIR}/${FRAMEWORKS_FOLDER_PATH}/Alamofire.framework",
				"${TARGET_BUILD_DIR}/${FRAMEWORKS_FOLDER_PATH}/AlamofireNetworkActivityIndicator.framework",
				"${TARGET_BUILD_DIR}/${FRAMEWORKS_FOLDER_PATH}/MarqueeLabel.framework",
				"${TARGET_BUILD_DIR}/${FRAMEWORKS_FOLDER_PATH}/NotificationBannerSwift.framework",
				"${TARGET_BUILD_DIR}/${FRAMEWORKS_FOLDER_PATH}/Nuke.framework",
				"${TARGET_BUILD_DIR}/${FRAMEWORKS_FOLDER_PATH}/PromiseKit.framework",
				"${TARGET_BUILD_DIR}/${FRAMEWORKS_FOLDER_PATH}/SnapKit.framework",
				"${TARGET_BUILD_DIR}/${FRAMEWORKS_FOLDER_PATH}/Lottie.framework",
			);
			runOnlyForDeploymentPostprocessing = 0;
			shellPath = /bin/sh;
			shellScript = "\"${PODS_ROOT}/Target Support Files/Pods-NennosPizza/Pods-NennosPizza-frameworks.sh\"\n";
			showEnvVarsInLog = 0;
		};
/* End PBXShellScriptBuildPhase section */

/* Begin PBXSourcesBuildPhase section */
		312AF51023267A4500FED45F /* Sources */ = {
			isa = PBXSourcesBuildPhase;
			buildActionMask = 2147483647;
			files = (
				31034FFD2327BAD4001828BE /* BackendError.swift in Sources */,
				310350312327D479001828BE /* Router+PurchaseBanner.swift in Sources */,
				3122092E2328D344001471F9 /* ImageDownloader.swift in Sources */,
				3122093A23292264001471F9 /* UINavigationController+Fade.swift in Sources */,
				310350292327D20E001828BE /* BasePresenter.swift in Sources */,
				31034FB223277AEC001828BE /* CellViewModel.swift in Sources */,
				31FE6A16232A55A90010D02D /* BasePurchasableViewModel.swift in Sources */,
				312AF5452326862A00FED45F /* BrandView.swift in Sources */,
				312AF53A23267D7A00FED45F /* BrandFont.swift in Sources */,
				3100FB64232B81FC00E503D6 /* Array+Values.swift in Sources */,
				31034FF72327B7C2001828BE /* Types.swift in Sources */,
				31034FFB2327B9C1001828BE /* HttpError.swift in Sources */,
				310350332327D4F0001828BE /* Router+LoaderView.swift in Sources */,
				31FE6A14232A559C0010D02D /* BasePurcasableViewCell.swift in Sources */,
				31601A2F232A82EE00CEBBBC /* BeveragePresenter.swift in Sources */,
				31FE6A06232A42EA0010D02D /* NotificationsCenter.swift in Sources */,
				310350392327DCF0001828BE /* PizzasPresenter.swift in Sources */,
				31220935232914B4001471F9 /* BaseNavigationBarView.swift in Sources */,
				310350462327E7E5001828BE /* Router.swift in Sources */,
				31FE69F3232A3BF30010D02D /* CartCoordinator.swift in Sources */,
				31FE6A1A232A5F4D0010D02D /* String+Price.swift in Sources */,
				31034FB523277B17001828BE /* Accessible.swift in Sources */,
				31034FEF2327B66E001828BE /* Decoder.swift in Sources */,
				3100FB62232B7FB900E503D6 /* CartBackendServiceDefault.swift in Sources */,
				31034FC223277F80001828BE /* UIView+AttachmentToParent.swift in Sources */,
				310350102327C2FE001828BE /* BackendRequestPath.swift in Sources */,
				312AF53C23267D8600FED45F /* BrandColor.swift in Sources */,
				310350412327E542001828BE /* PizzaBasicCellViewModel.swift in Sources */,
				3122094D23294A00001471F9 /* AppManager.swift in Sources */,
				310350212327CECD001828BE /* BaseViewController.swift in Sources */,
				312AF547232686F900FED45F /* BrandActionButton.swift in Sources */,
				3103500E2327C256001828BE /* FoodBackendServiceDefault.swift in Sources */,
				3100FB60232B7EF500E503D6 /* CartBackendService.swift in Sources */,
				3100FB5B232B762E00E503D6 /* GratitudeCoordinator.swift in Sources */,
				3100FB55232B760800E503D6 /* GratitudeViewController.swift in Sources */,
				3122093823291915001471F9 /* AppCoordinator.swift in Sources */,
				31034FF92327B81E001828BE /* AlamofireHttpClient.swift in Sources */,
				31034FBA23277E14001828BE /* Reusable.swift in Sources */,
				31FE69F7232A3C1C0010D02D /* CartPresenter.swift in Sources */,
				312AF51A23267A4500FED45F /* PizzasViewController.swift in Sources */,
				31034FBD23277E8F001828BE /* UITableView+ViewModels.swift in Sources */,
				31FE6A0A232A437E0010D02D /* NotificationContextDefault.swift in Sources */,
				3122094A232947EC001471F9 /* StorageServiceDefault.swift in Sources */,
				31FE69F5232A3C070010D02D /* CartInteractor.swift in Sources */,
				31FE6A08232A430F0010D02D /* NotificationsCenterDefault.swift in Sources */,
				31FE6A0D232A43CA0010D02D /* CartNotificationService.swift in Sources */,
				31034FE82327A48A001828BE /* Beverage.swift in Sources */,
				312AF51823267A4500FED45F /* AppDelegate.swift in Sources */,
				31FE69FB232A3C360010D02D /* CartViewController.swift in Sources */,
				3103501E2327CE72001828BE /* BaseCoordinator.swift in Sources */,
				310350062327BF4D001828BE /* ProductsBackendService.swift in Sources */,
				310350192327CB4A001828BE /* PizzasCoordinator.swift in Sources */,
				31034FEC2327A4C9001828BE /* Ingredient.swift in Sources */,
				31FE6A1D232A62290010D02D /* CartFooterView.swift in Sources */,
				312AF5432326831800FED45F /* BrandLabel.swift in Sources */,
				3103500C2327C1C7001828BE /* FoodBackendService.swift in Sources */,
				3100FB59232B762100E503D6 /* GratitudeInteractor.swift in Sources */,
				310350082327C055001828BE /* BackendPizzaObject.swift in Sources */,
				3100FB66232B8B1A00E503D6 /* JSONSerializer.swift in Sources */,
				31034FB823277B58001828BE /* AccessibilityDisplayFunction.swift in Sources */,
				31034FF12327B6C7001828BE /* DictionaryDecoder.swift in Sources */,
				310350492327E951001828BE /* PizzaBasicTableViewCell.swift in Sources */,
				3100FB5E232B7E9300E503D6 /* OrderBackendService.swift in Sources */,
				31601A31232A830300CEBBBC /* BeverageViewController.swift in Sources */,
				31034FAF23277A8C001828BE /* TableViewDataAdapter.swift in Sources */,
				3103500A2327C098001828BE /* BackendPizzasObject.swift in Sources */,
				31034FEA2327A4B5001828BE /* Pizza.swift in Sources */,
				3122093F23293F4D001471F9 /* StorageService.swift in Sources */,
				31FE6A04232A42AB0010D02D /* NotificationContext.swift in Sources */,
				31034FC023277F00001828BE /* XibInitializable.swift in Sources */,
				310350042327BF1E001828BE /* BackendService.swift in Sources */,
				310350242327D153001828BE /* Interactor.swift in Sources */,
				31034FE62327A44D001828BE /* Purchasable.swift in Sources */,
				31601A2D232A82DF00CEBBBC /* BeverageInteractor.swift in Sources */,
				31601A2B232A810B00CEBBBC /* BeaverageCoordinator.swift in Sources */,
				31FE69E6232A2ED40010D02D /* PurchaseBanner.swift in Sources */,
				3103502B2327D237001828BE /* BaseInteractor.swift in Sources */,
				310350272327D1A7001828BE /* Presenter.swift in Sources */,
				3122093123290F8A001471F9 /* PizzaLoadingView.swift in Sources */,
				310350352327DB3C001828BE /* MainStoryboard.swift in Sources */,
				31FE6A18232A56CC0010D02D /* BaseCellType.swift in Sources */,
				3122094823294762001471F9 /* CachingStorageService.swift in Sources */,
				31FE6A02232A427F0010D02D /* NotificationService.swift in Sources */,
				310350372327DCCF001828BE /* PizzasInteractor.swift in Sources */,
				3103503B2327E038001828BE /* Section.swift in Sources */,
				3122094623294509001471F9 /* CartStorageService.swift in Sources */,
				31FE69EA232A33A40010D02D /* BannerPresentable.swift in Sources */,
				3100FB57232B761500E503D6 /* GratitudePresenter.swift in Sources */,
				3103503E2327E086001828BE /* SupplementaryViewModel.swift in Sources */,
				31034FF42327B76C001828BE /* HtttpClient.swift in Sources */,
				312AF54123267E6500FED45F /* UIColor+Hex.swift in Sources */,
			);
			runOnlyForDeploymentPostprocessing = 0;
		};
		312AF52423267A4600FED45F /* Sources */ = {
			isa = PBXSourcesBuildPhase;
			buildActionMask = 2147483647;
			files = (
				3100FB6F232B946D00E503D6 /* BackendPizzaObjectTest.swift in Sources */,
				3100FB6A232B91C700E503D6 /* PizzaTests.swift in Sources */,
				3100FB71232B954400E503D6 /* PizzaJSONTests.swift in Sources */,
				3100FB7C232B98F400E503D6 /* NennosPizzaTests.swift in Sources */,
				3100FB6D232B924F00E503D6 /* Mocks.swift in Sources */,
			);
			runOnlyForDeploymentPostprocessing = 0;
		};
/* End PBXSourcesBuildPhase section */

/* Begin PBXTargetDependency section */
		312AF52A23267A4600FED45F /* PBXTargetDependency */ = {
			isa = PBXTargetDependency;
			target = 312AF51323267A4500FED45F /* NennosPizza */;
			targetProxy = 312AF52923267A4600FED45F /* PBXContainerItemProxy */;
		};
/* End PBXTargetDependency section */

/* Begin PBXVariantGroup section */
		312AF51B23267A4500FED45F /* Main.storyboard */ = {
			isa = PBXVariantGroup;
			children = (
				312AF51C23267A4500FED45F /* Base */,
			);
			name = Main.storyboard;
			sourceTree = "<group>";
		};
		312AF52023267A4600FED45F /* LaunchScreen.storyboard */ = {
			isa = PBXVariantGroup;
			children = (
				312AF52123267A4600FED45F /* Base */,
			);
			name = LaunchScreen.storyboard;
			sourceTree = "<group>";
		};
/* End PBXVariantGroup section */

/* Begin XCBuildConfiguration section */
		312AF52F23267A4600FED45F /* Debug */ = {
			isa = XCBuildConfiguration;
			buildSettings = {
				ALWAYS_SEARCH_USER_PATHS = NO;
				CLANG_ANALYZER_NONNULL = YES;
				CLANG_ANALYZER_NUMBER_OBJECT_CONVERSION = YES_AGGRESSIVE;
				CLANG_CXX_LANGUAGE_STANDARD = "gnu++14";
				CLANG_CXX_LIBRARY = "libc++";
				CLANG_ENABLE_MODULES = YES;
				CLANG_ENABLE_OBJC_ARC = YES;
				CLANG_ENABLE_OBJC_WEAK = YES;
				CLANG_WARN_BLOCK_CAPTURE_AUTORELEASING = YES;
				CLANG_WARN_BOOL_CONVERSION = YES;
				CLANG_WARN_COMMA = YES;
				CLANG_WARN_CONSTANT_CONVERSION = YES;
				CLANG_WARN_DEPRECATED_OBJC_IMPLEMENTATIONS = YES;
				CLANG_WARN_DIRECT_OBJC_ISA_USAGE = YES_ERROR;
				CLANG_WARN_DOCUMENTATION_COMMENTS = YES;
				CLANG_WARN_EMPTY_BODY = YES;
				CLANG_WARN_ENUM_CONVERSION = YES;
				CLANG_WARN_INFINITE_RECURSION = YES;
				CLANG_WARN_INT_CONVERSION = YES;
				CLANG_WARN_NON_LITERAL_NULL_CONVERSION = YES;
				CLANG_WARN_OBJC_IMPLICIT_RETAIN_SELF = YES;
				CLANG_WARN_OBJC_LITERAL_CONVERSION = YES;
				CLANG_WARN_OBJC_ROOT_CLASS = YES_ERROR;
				CLANG_WARN_RANGE_LOOP_ANALYSIS = YES;
				CLANG_WARN_STRICT_PROTOTYPES = YES;
				CLANG_WARN_SUSPICIOUS_MOVE = YES;
				CLANG_WARN_UNGUARDED_AVAILABILITY = YES_AGGRESSIVE;
				CLANG_WARN_UNREACHABLE_CODE = YES;
				CLANG_WARN__DUPLICATE_METHOD_MATCH = YES;
				CODE_SIGN_IDENTITY = "iPhone Developer";
				COPY_PHASE_STRIP = NO;
				DEBUG_INFORMATION_FORMAT = dwarf;
				ENABLE_STRICT_OBJC_MSGSEND = YES;
				ENABLE_TESTABILITY = YES;
				GCC_C_LANGUAGE_STANDARD = gnu11;
				GCC_DYNAMIC_NO_PIC = NO;
				GCC_NO_COMMON_BLOCKS = YES;
				GCC_OPTIMIZATION_LEVEL = 0;
				GCC_PREPROCESSOR_DEFINITIONS = (
					"DEBUG=1",
					"$(inherited)",
				);
				GCC_WARN_64_TO_32_BIT_CONVERSION = YES;
				GCC_WARN_ABOUT_RETURN_TYPE = YES_ERROR;
				GCC_WARN_UNDECLARED_SELECTOR = YES;
				GCC_WARN_UNINITIALIZED_AUTOS = YES_AGGRESSIVE;
				GCC_WARN_UNUSED_FUNCTION = YES;
				GCC_WARN_UNUSED_VARIABLE = YES;
				IPHONEOS_DEPLOYMENT_TARGET = 12.4;
				MTL_ENABLE_DEBUG_INFO = INCLUDE_SOURCE;
				MTL_FAST_MATH = YES;
				ONLY_ACTIVE_ARCH = YES;
				SDKROOT = iphoneos;
				SWIFT_ACTIVE_COMPILATION_CONDITIONS = DEBUG;
				SWIFT_OPTIMIZATION_LEVEL = "-Onone";
			};
			name = Debug;
		};
		312AF53023267A4600FED45F /* Release */ = {
			isa = XCBuildConfiguration;
			buildSettings = {
				ALWAYS_SEARCH_USER_PATHS = NO;
				CLANG_ANALYZER_NONNULL = YES;
				CLANG_ANALYZER_NUMBER_OBJECT_CONVERSION = YES_AGGRESSIVE;
				CLANG_CXX_LANGUAGE_STANDARD = "gnu++14";
				CLANG_CXX_LIBRARY = "libc++";
				CLANG_ENABLE_MODULES = YES;
				CLANG_ENABLE_OBJC_ARC = YES;
				CLANG_ENABLE_OBJC_WEAK = YES;
				CLANG_WARN_BLOCK_CAPTURE_AUTORELEASING = YES;
				CLANG_WARN_BOOL_CONVERSION = YES;
				CLANG_WARN_COMMA = YES;
				CLANG_WARN_CONSTANT_CONVERSION = YES;
				CLANG_WARN_DEPRECATED_OBJC_IMPLEMENTATIONS = YES;
				CLANG_WARN_DIRECT_OBJC_ISA_USAGE = YES_ERROR;
				CLANG_WARN_DOCUMENTATION_COMMENTS = YES;
				CLANG_WARN_EMPTY_BODY = YES;
				CLANG_WARN_ENUM_CONVERSION = YES;
				CLANG_WARN_INFINITE_RECURSION = YES;
				CLANG_WARN_INT_CONVERSION = YES;
				CLANG_WARN_NON_LITERAL_NULL_CONVERSION = YES;
				CLANG_WARN_OBJC_IMPLICIT_RETAIN_SELF = YES;
				CLANG_WARN_OBJC_LITERAL_CONVERSION = YES;
				CLANG_WARN_OBJC_ROOT_CLASS = YES_ERROR;
				CLANG_WARN_RANGE_LOOP_ANALYSIS = YES;
				CLANG_WARN_STRICT_PROTOTYPES = YES;
				CLANG_WARN_SUSPICIOUS_MOVE = YES;
				CLANG_WARN_UNGUARDED_AVAILABILITY = YES_AGGRESSIVE;
				CLANG_WARN_UNREACHABLE_CODE = YES;
				CLANG_WARN__DUPLICATE_METHOD_MATCH = YES;
				CODE_SIGN_IDENTITY = "iPhone Developer";
				COPY_PHASE_STRIP = NO;
				DEBUG_INFORMATION_FORMAT = "dwarf-with-dsym";
				ENABLE_NS_ASSERTIONS = NO;
				ENABLE_STRICT_OBJC_MSGSEND = YES;
				GCC_C_LANGUAGE_STANDARD = gnu11;
				GCC_NO_COMMON_BLOCKS = YES;
				GCC_WARN_64_TO_32_BIT_CONVERSION = YES;
				GCC_WARN_ABOUT_RETURN_TYPE = YES_ERROR;
				GCC_WARN_UNDECLARED_SELECTOR = YES;
				GCC_WARN_UNINITIALIZED_AUTOS = YES_AGGRESSIVE;
				GCC_WARN_UNUSED_FUNCTION = YES;
				GCC_WARN_UNUSED_VARIABLE = YES;
				IPHONEOS_DEPLOYMENT_TARGET = 12.4;
				MTL_ENABLE_DEBUG_INFO = NO;
				MTL_FAST_MATH = YES;
				SDKROOT = iphoneos;
				SWIFT_COMPILATION_MODE = wholemodule;
				SWIFT_OPTIMIZATION_LEVEL = "-O";
				VALIDATE_PRODUCT = YES;
			};
			name = Release;
		};
		312AF53223267A4600FED45F /* Debug */ = {
			isa = XCBuildConfiguration;
			baseConfigurationReference = 0F261A5DC03597BE2A3701AF /* Pods-NennosPizza.debug.xcconfig */;
			buildSettings = {
				ASSETCATALOG_COMPILER_APPICON_NAME = AppIcon;
				CODE_SIGN_STYLE = Automatic;
				DEVELOPMENT_TEAM = LLY58X9Y2W;
				INFOPLIST_FILE = NennosPizza/Info.plist;
				IPHONEOS_DEPLOYMENT_TARGET = 10.0;
				LD_RUNPATH_SEARCH_PATHS = (
					"$(inherited)",
					"@executable_path/Frameworks",
				);
				PRODUCT_BUNDLE_IDENTIFIER = com.iuliiaponomareva.NennosPizza;
				PRODUCT_NAME = "$(TARGET_NAME)";
				SWIFT_VERSION = 5.0;
				TARGETED_DEVICE_FAMILY = 1;
			};
			name = Debug;
		};
		312AF53323267A4600FED45F /* Release */ = {
			isa = XCBuildConfiguration;
			baseConfigurationReference = 6199B0455C47C72E43B12325 /* Pods-NennosPizza.release.xcconfig */;
			buildSettings = {
				ASSETCATALOG_COMPILER_APPICON_NAME = AppIcon;
				CODE_SIGN_STYLE = Automatic;
				DEVELOPMENT_TEAM = LLY58X9Y2W;
				INFOPLIST_FILE = NennosPizza/Info.plist;
				IPHONEOS_DEPLOYMENT_TARGET = 10.0;
				LD_RUNPATH_SEARCH_PATHS = (
					"$(inherited)",
					"@executable_path/Frameworks",
				);
				PRODUCT_BUNDLE_IDENTIFIER = com.iuliiaponomareva.NennosPizza;
				PRODUCT_NAME = "$(TARGET_NAME)";
				SWIFT_VERSION = 5.0;
				TARGETED_DEVICE_FAMILY = 1;
			};
			name = Release;
		};
		312AF53523267A4600FED45F /* Debug */ = {
			isa = XCBuildConfiguration;
			buildSettings = {
				ALWAYS_EMBED_SWIFT_STANDARD_LIBRARIES = YES;
				BUNDLE_LOADER = "$(TEST_HOST)";
				CODE_SIGN_STYLE = Automatic;
				DEVELOPMENT_TEAM = LLY58X9Y2W;
				INFOPLIST_FILE = NennosPizzaTests/Info.plist;
				LD_RUNPATH_SEARCH_PATHS = (
					"$(inherited)",
					"@executable_path/Frameworks",
					"@loader_path/Frameworks",
				);
				PRODUCT_BUNDLE_IDENTIFIER = com.iuliiaponomareva.NennosPizzaTests;
				PRODUCT_NAME = "$(TARGET_NAME)";
				SWIFT_VERSION = 5.0;
				TARGETED_DEVICE_FAMILY = "1,2";
				TEST_HOST = "$(BUILT_PRODUCTS_DIR)/NennosPizza.app/NennosPizza";
			};
			name = Debug;
		};
		312AF53623267A4600FED45F /* Release */ = {
			isa = XCBuildConfiguration;
			buildSettings = {
				ALWAYS_EMBED_SWIFT_STANDARD_LIBRARIES = YES;
				BUNDLE_LOADER = "$(TEST_HOST)";
				CODE_SIGN_STYLE = Automatic;
				DEVELOPMENT_TEAM = LLY58X9Y2W;
				INFOPLIST_FILE = NennosPizzaTests/Info.plist;
				LD_RUNPATH_SEARCH_PATHS = (
					"$(inherited)",
					"@executable_path/Frameworks",
					"@loader_path/Frameworks",
				);
				PRODUCT_BUNDLE_IDENTIFIER = com.iuliiaponomareva.NennosPizzaTests;
				PRODUCT_NAME = "$(TARGET_NAME)";
				SWIFT_VERSION = 5.0;
				TARGETED_DEVICE_FAMILY = "1,2";
				TEST_HOST = "$(BUILT_PRODUCTS_DIR)/NennosPizza.app/NennosPizza";
			};
			name = Release;
		};
/* End XCBuildConfiguration section */

/* Begin XCConfigurationList section */
		312AF50F23267A4500FED45F /* Build configuration list for PBXProject "NennosPizza" */ = {
			isa = XCConfigurationList;
			buildConfigurations = (
				312AF52F23267A4600FED45F /* Debug */,
				312AF53023267A4600FED45F /* Release */,
			);
			defaultConfigurationIsVisible = 0;
			defaultConfigurationName = Release;
		};
		312AF53123267A4600FED45F /* Build configuration list for PBXNativeTarget "NennosPizza" */ = {
			isa = XCConfigurationList;
			buildConfigurations = (
				312AF53223267A4600FED45F /* Debug */,
				312AF53323267A4600FED45F /* Release */,
			);
			defaultConfigurationIsVisible = 0;
			defaultConfigurationName = Release;
		};
		312AF53423267A4600FED45F /* Build configuration list for PBXNativeTarget "NennosPizzaTests" */ = {
			isa = XCConfigurationList;
			buildConfigurations = (
				312AF53523267A4600FED45F /* Debug */,
				312AF53623267A4600FED45F /* Release */,
			);
			defaultConfigurationIsVisible = 0;
			defaultConfigurationName = Release;
		};
/* End XCConfigurationList section */
	};
	rootObject = 312AF50C23267A4500FED45F /* Project object */;
}
